
Microsoft Visual Studio Solution File, Format Version 12.00
# Visual Studio 15
VisualStudioVersion = 15.0.26730.16
MinimumVisualStudioVersion = 10.0.40219.1
Project("{888888A0-9F3D-457C-B088-3A5042F75D52}") = "python_vs2017", "python_vs2017.pyproj", "{EA429A23-2AFB-4BF7-A345-28E2BD129564}"
EndProject
Global
	GlobalSection(SolutionConfigurationPlatforms) = preSolution
		Debug|Any CPU = Debug|Any CPU
		Release|Any CPU = Release|Any CPU
	EndGlobalSection
	GlobalSection(ProjectConfigurationPlatforms) = postSolution
		{EA429A23-2AFB-4BF7-A345-28E2BD129564}.Debug|Any CPU.ActiveCfg = Debug|Any CPU
		{EA429A23-2AFB-4BF7-A345-28E2BD129564}.Release|Any CPU.ActiveCfg = Release|Any CPU
	EndGlobalSection
	GlobalSection(SolutionProperties) = preSolution
		HideSolutionNode = FALSE
	EndGlobalSection
	GlobalSection(ExtensibilityGlobals) = postSolution
		SolutionGuid = {2A4705EC-6E91-4A5D-AB76-AA23575FA444}
	EndGlobalSection
EndGlobal
