lockfileVersion: '9.0'

settings:
  autoInstallPeers: true
  excludeLinksFromLockfile: false

importers:

  .:
    devDependencies:
      '@chronus/chronus':
        specifier: 1.3.1
        version: 1.3.1

packages:

  '@chronus/chronus@1.3.1':
    resolution: {integrity: sha512-qSrHpXL/LlOlvW0TPCxIkZnvTdXEFW0cHoyS9lsq6CIIondtgcm4y/VEMK4wnGHyuHLvmuYASAjVSVbgMvmHTQ==}
    engines: {node: '>=20.0.0'}
    hasBin: true

  '@gar/promise-retry@1.0.3':
    resolution: {integrity: sha512-GmzA9ckNokPypTg10pgpeHNQe7ph+iIKKmhKu3Ob9ANkswreCx7R3cKmY781K8QK3AqVL3xVh9A42JvIAbkkSA==}
    engines: {node: ^20.17.0 || >=22.9.0}

  '@isaacs/fs-minipass@4.0.1':
    resolution: {integrity: sha512-wgm9Ehl2jpeqP3zw/7mo3kRHFp5MEDhqAdwy1fTGkHAwnkGOVsgpvQhL8B5n1qlb01jV3n/bI0ZfZp5lWA1k4w==}
    engines: {node: '>=18.0.0'}

  '@nodelib/fs.scandir@2.1.5':
    resolution: {integrity: sha512-vq24Bq3ym5HEQm2NKCr3yXDwjc7vTsEThRDnkp2DK9p1uqLR+DHurm/NOTo0KG7HYHU7eppKZj3MyqYuMBf62g==}
    engines: {node: '>= 8'}

  '@nodelib/fs.stat@2.0.5':
    resolution: {integrity: sha512-RkhPPp2zrqDAQA/2jNhnztcPAlv64XdhIp7a7454A5ovI7Bukxgt7MX7udwAu3zg1DcpPU0rz3VV1SeaqvY4+A==}
    engines: {node: '>= 8'}

  '@nodelib/fs.walk@1.2.8':
    resolution: {integrity: sha512-oGB+UxlgWcgQkgwo8GcEGwemoTFt3FIO9ababBmaGwXIoBKZ+GTy0pP185beGg7Llih/NSHSV2XAs1lnznocSg==}
    engines: {node: '>= 8'}

  '@npmcli/agent@4.0.0':
    resolution: {integrity: sha512-kAQTcEN9E8ERLVg5AsGwLNoFb+oEG6engbqAU2P43gD4JEIkNGMHdVQ096FsOAAYpZPB0RSt0zgInKIAS1l5QA==}
    engines: {node: ^20.17.0 || >=22.9.0}

  '@npmcli/fs@5.0.0':
    resolution: {integrity: sha512-7OsC1gNORBEawOa5+j2pXN9vsicaIOH5cPXxoR6fJOmH6/EXpJB2CajXOu1fPRFun2m1lktEFX11+P89hqO/og==}
    engines: {node: ^20.17.0 || >=22.9.0}

  '@npmcli/git@7.0.2':
    resolution: {integrity: sha512-oeolHDjExNAJAnlYP2qzNjMX/Xi9bmu78C9dIGr4xjobrSKbuMYCph8lTzn4vnW3NjIqVmw/f8BCfouqyJXlRg==}
    engines: {node: ^20.17.0 || >=22.9.0}

  '@npmcli/installed-package-contents@4.0.0':
    resolution: {integrity: sha512-yNyAdkBxB72gtZ4GrwXCM0ZUedo9nIbOMKfGjt6Cu6DXf0p8y1PViZAKDC8q8kv/fufx0WTjRBdSlyrvnP7hmA==}
    engines: {node: ^20.17.0 || >=22.9.0}
    hasBin: true

  '@npmcli/node-gyp@5.0.0':
    resolution: {integrity: sha512-uuG5HZFXLfyFKqg8QypsmgLQW7smiRjVc45bqD/ofZZcR/uxEjgQU8qDPv0s9TEeMUiAAU/GC5bR6++UdTirIQ==}
    engines: {node: ^20.17.0 || >=22.9.0}

  '@npmcli/package-json@7.0.5':
    resolution: {integrity: sha512-iVuTlG3ORq2iaVa1IWUxAO/jIp77tUKBhoMjuzYW2kL4MLN1bi/ofqkZ7D7OOwh8coAx1/S2ge0rMdGv8sLSOQ==}
    engines: {node: ^20.17.0 || >=22.9.0}

  '@npmcli/promise-spawn@9.0.1':
    resolution: {integrity: sha512-OLUaoqBuyxeTqUvjA3FZFiXUfYC1alp3Sa99gW3EUDz3tZ3CbXDdcZ7qWKBzicrJleIgucoWamWH1saAmH/l2Q==}
    engines: {node: ^20.17.0 || >=22.9.0}

  '@npmcli/redact@4.0.0':
    resolution: {integrity: sha512-gOBg5YHMfZy+TfHArfVogwgfBeQnKbbGo3pSUyK/gSI0AVu+pEiDVcKlQb0D8Mg1LNRZILZ6XG8I5dJ4KuAd9Q==}
    engines: {node: ^20.17.0 || >=22.9.0}

  '@npmcli/run-script@10.0.4':
    resolution: {integrity: sha512-mGUWr1uMnf0le2TwfOZY4SFxZGXGfm4Jtay/nwAa2FLNAKXUoUwaGwBMNH36UHPtinWfTSJ3nqFQr0091CxVGg==}
    engines: {node: ^20.17.0 || >=22.9.0}

  '@sigstore/bundle@4.0.0':
    resolution: {integrity: sha512-NwCl5Y0V6Di0NexvkTqdoVfmjTaQwoLM236r89KEojGmq/jMls8S+zb7yOwAPdXvbwfKDlP+lmXgAL4vKSQT+A==}
    engines: {node: ^20.17.0 || >=22.9.0}

  '@sigstore/core@3.2.0':
    resolution: {integrity: sha512-kxHrDQ9YgfrWUSXU0cjsQGv8JykOFZQ9ErNKbFPWzk3Hgpwu8x2hHrQ9IdA8yl+j9RTLTC3sAF3Tdq1IQCP4oA==}
    engines: {node: ^20.17.0 || >=22.9.0}

  '@sigstore/protobuf-specs@0.5.0':
    resolution: {integrity: sha512-MM8XIwUjN2bwvCg1QvrMtbBmpcSHrkhFSCu1D11NyPvDQ25HEc4oG5/OcQfd/Tlf/OxmKWERDj0zGE23jQaMwA==}
    engines: {node: ^18.17.0 || >=20.5.0}

  '@sigstore/sign@4.1.1':
    resolution: {integrity: sha512-Hf4xglukg0XXQ2RiD5vSoLjdPe8OBUPA8XeVjUObheuDcWdYWrnH/BNmxZCzkAy68MzmNCxXLeurJvs6hcP2OQ==}
    engines: {node: ^20.17.0 || >=22.9.0}

  '@sigstore/tuf@4.0.2':
    resolution: {integrity: sha512-TCAzTy0xzdP79EnxSjq9KQ3eaR7+FmudLC6eRKknVKZbV7ZNlGLClAAQb/HMNJ5n2OBNk2GT1tEmU0xuPr+SLQ==}
    engines: {node: ^20.17.0 || >=22.9.0}

  '@sigstore/verify@3.1.0':
    resolution: {integrity: sha512-mNe0Iigql08YupSOGv197YdHpPPr+EzDZmfCgMc7RPNaZTw5aLN01nBl6CHJOh3BGtnMIj83EeN4butBchc8Ag==}
    engines: {node: ^20.17.0 || >=22.9.0}

  '@sindresorhus/merge-streams@4.0.0':
    resolution: {integrity: sha512-tlqY9xq5ukxTUZBmoOp+m61cqwQD5pHJtFY3Mn8CA8ps6yghLH/Hw8UPdqg4OLmFW3IFlcXnQNmo/dh8HzXYIQ==}
    engines: {node: '>=18'}

  '@tufjs/canonical-json@2.0.0':
    resolution: {integrity: sha512-yVtV8zsdo8qFHe+/3kw81dSLyF7D576A5cCFCi4X7B39tWT7SekaEFUnvnWJHz+9qO7qJTah1JbrDjWKqFtdWA==}
    engines: {node: ^16.14.0 || >=18.0.0}

  '@tufjs/models@4.1.0':
    resolution: {integrity: sha512-Y8cK9aggNRsqJVaKUlEYs4s7CvQ1b1ta2DVPyAimb0I2qhzjNk+A+mxvll/klL0RlfuIUei8BF7YWiua4kQqww==}
    engines: {node: ^20.17.0 || >=22.9.0}

  abbrev@4.0.0:
    resolution: {integrity: sha512-a1wflyaL0tHtJSmLSOVybYhy22vRih4eduhhrkcjgrWGnRfrZtovJ2FRjxuTtkkj47O/baf0R86QU5OuYpz8fA==}
    engines: {node: ^20.17.0 || >=22.9.0}

  agent-base@7.1.4:
    resolution: {integrity: sha512-MnA+YT8fwfJPgBx3m60MNqakm30XOkyIoH1y6huTQvC0PwZG7ki8NacLBcrPbNoo8vEZy7Jpuk7+jMO+CUovTQ==}
    engines: {node: '>= 14'}

  ansi-regex@6.2.2:
    resolution: {integrity: sha512-Bq3SmSpyFHaWjPk8If9yc6svM8c56dB5BAtW4Qbw5jHTwwXXcTLoRMkpDJp6VL0XzlWaCHTXrkFURMYmD0sLqg==}
    engines: {node: '>=12'}

  ansi-styles@6.2.3:
    resolution: {integrity: sha512-4Dj6M28JB+oAH8kFkTLUo+a2jwOFkuqb3yucU0CANcRRUbxS0cP0nZYCGjcc3BNXwRIsUVmDGgzawme7zvJHvg==}
    engines: {node: '>=12'}

  balanced-match@4.0.4:
    resolution: {integrity: sha512-BLrgEcRTwX2o6gGxGOCNyMvGSp35YofuYzw9h1IMTRmKqttAZZVU67bdb9Pr2vUHA8+j3i2tJfjO6C6+4myGTA==}
    engines: {node: 18 || 20 || >=22}

  brace-expansion@5.0.4:
    resolution: {integrity: sha512-h+DEnpVvxmfVefa4jFbCf5HdH5YMDXRsmKflpf1pILZWRFlTbJpxeU55nJl4Smt5HQaGzg1o6RHFPJaOqnmBDg==}
    engines: {node: 18 || 20 || >=22}

  braces@3.0.3:
    resolution: {integrity: sha512-yQbXgO/OSZVD2IsiLlro+7Hf6Q18EJrKSEsdoMzKePKXct3gvD8oLcOQdIzGupr5Fj+EDe8gO/lxc1BzfMpxvA==}
    engines: {node: '>=8'}

  buffer-from@1.1.2:
    resolution: {integrity: sha512-E+XQCRwSbaaiChtv6k6Dwgc+bx+Bs6vuKJHHl5kox/BaKbhiXzqQOwK4cO22yElGp2OCmjwVhT3HmxgyPGnJfQ==}

  cacache@20.0.4:
    resolution: {integrity: sha512-M3Lab8NPYlZU2exsL3bMVvMrMqgwCnMWfdZbK28bn3pK6APT/Te/I8hjRPNu1uwORY9a1eEQoifXbKPQMfMTOA==}
    engines: {node: ^20.17.0 || >=22.9.0}

  chownr@3.0.0:
    resolution: {integrity: sha512-+IxzY9BZOQd/XuYPRmrvEVjF/nqj5kgT4kEq7VofrDoM1MxoRjEWkrCC3EtLi59TVawxTAn+orJwFQcrqEN1+g==}
    engines: {node: '>=18'}

  cliui@9.0.1:
    resolution: {integrity: sha512-k7ndgKhwoQveBL+/1tqGJYNz097I7WOvwbmmU2AR5+magtbjPWQTS1C5vzGkBC8Ym8UWRzfKUzUUqFLypY4Q+w==}
    engines: {node: '>=20'}

  cross-spawn@7.0.6:
    resolution: {integrity: sha512-uV2QOWP2nWzsy2aMp8aRibhi9dlzF5Hgh5SHaB9OiTGEyDTiJJyx0uy51QXdyWbtAHNua4XJzUKca3OzKUd3vA==}
    engines: {node: '>= 8'}

  debug@4.4.3:
    resolution: {integrity: sha512-RGwwWnwQvkVfavKVt22FGLw+xYSdzARwm0ru6DhTVA3umU5hZc28V3kO4stgYryrTlLpuvgI9GiijltAjNbcqA==}
    engines: {node: '>=6.0'}
    peerDependencies:
      supports-color: '*'
    peerDependenciesMeta:
      supports-color:
        optional: true

  emoji-regex@10.6.0:
    resolution: {integrity: sha512-toUI84YS5YmxW219erniWD0CIVOo46xGKColeNQRgOzDorgBi1v4D71/OFzgD9GO2UGKIv1C3Sp8DAn0+j5w7A==}

  env-paths@2.2.1:
    resolution: {integrity: sha512-+h1lkLKhZMTYjog1VEpJNG7NZJWcuc2DDk/qsqSTRRCOXiLjeQ1d1/udrUGhqMxUgAlwKNZ0cf2uqan5GLuS2A==}
    engines: {node: '>=6'}

  escalade@3.2.0:
    resolution: {integrity: sha512-WUj2qlxaQtO4g6Pq5c29GTcWGDyd8itL8zTlipgECz3JesAiiOKotd8JU6otB3PACgG6xkJUyVhboMS+bje/jA==}
    engines: {node: '>=6'}

  exponential-backoff@3.1.3:
    resolution: {integrity: sha512-ZgEeZXj30q+I0EN+CbSSpIyPaJ5HVQD18Z1m+u1FXbAeT94mr1zw50q4q6jiiC447Nl/YTcIYSAftiGqetwXCA==}

  fast-glob@3.3.3:
    resolution: {integrity: sha512-7MptL8U0cqcFdzIzwOTHoilX9x5BrNqye7Z/LuC7kCMRio1EMSyqRK3BEAUD7sXRq4iT4AzTVuZdhgQ2TCvYLg==}
    engines: {node: '>=8.6.0'}

  fastq@1.20.1:
    resolution: {integrity: sha512-GGToxJ/w1x32s/D2EKND7kTil4n8OVk/9mycTc4VDza13lOvpUZTGX3mFSCtV9ksdGBVzvsyAVLM6mHFThxXxw==}

  fdir@6.5.0:
    resolution: {integrity: sha512-tIbYtZbucOs0BRGqPJkshJUYdL+SDH7dVM8gjy+ERp3WAUjLEFJE+02kanyHtwjWOnwrKYBiwAmM0p4kLJAnXg==}
    engines: {node: '>=12.0.0'}
    peerDependencies:
      picomatch: ^3 || ^4
    peerDependenciesMeta:
      picomatch:
        optional: true

  fill-range@7.1.1:
    resolution: {integrity: sha512-YsGpe3WHLK8ZYi4tWDg2Jy3ebRz2rXowDxnld4bkQB00cc/1Zw9AWnC0i9ztDJitivtQvaI9KaLyKrc+hBW0yg==}
    engines: {node: '>=8'}

  fs-minipass@3.0.3:
    resolution: {integrity: sha512-XUBA9XClHbnJWSfBzjkm6RvPsyg3sryZt06BEQoXcF7EK/xpGaQYJgQKDJSUH5SGZ76Y7pFx1QBnXz09rU5Fbw==}
    engines: {node: ^14.17.0 || ^16.13.0 || >=18.0.0}

  get-caller-file@2.0.5:
    resolution: {integrity: sha512-DyFP3BM/3YHTQOCUL/w0OZHR0lpKeGrxotcHWcqNEdnltqFwXVfhEBQ94eIo34AfQpo0rGki4cyIiftY06h2Fg==}
    engines: {node: 6.* || 8.* || >= 10.*}

  get-east-asian-width@1.5.0:
    resolution: {integrity: sha512-CQ+bEO+Tva/qlmw24dCejulK5pMzVnUOFOijVogd3KQs07HnRIgp8TGipvCCRT06xeYEbpbgwaCxglFyiuIcmA==}
    engines: {node: '>=18'}

  glob-parent@5.1.2:
    resolution: {integrity: sha512-AOIgSQCepiJYwP3ARnGx+5VnTu2HBYdzbGP45eLw1vr3zB3vZLeyed1sC9hnbcOc9/SrMyM5RPQrkGz4aS9Zow==}
    engines: {node: '>= 6'}

  glob@13.0.6:
    resolution: {integrity: sha512-Wjlyrolmm8uDpm/ogGyXZXb1Z+Ca2B8NbJwqBVg0axK9GbBeoS7yGV6vjXnYdGm6X53iehEuxxbyiKp8QmN4Vw==}
    engines: {node: 18 || 20 || >=22}

  globby@16.1.1:
    resolution: {integrity: sha512-dW7vl+yiAJSp6aCekaVnVJxurRv7DCOLyXqEG3RYMYUg7AuJ2jCqPkZTA8ooqC2vtnkaMcV5WfFBMuEnTu1OQg==}
    engines: {node: '>=20'}

  graceful-fs@4.2.11:
    resolution: {integrity: sha512-RbJ5/jmFcNNCcDV5o9eTnBLJ/HszWV0P73bc+Ff4nS/rJj+YaS6IGyiOL0VoBYX+l1Wrl3k63h/KrH+nhJ0XvQ==}

  hosted-git-info@9.0.2:
    resolution: {integrity: sha512-M422h7o/BR3rmCQ8UHi7cyyMqKltdP9Uo+J2fXK+RSAY+wTcKOIRyhTuKv4qn+DJf3g+PL890AzId5KZpX+CBg==}
    engines: {node: ^20.17.0 || >=22.9.0}

  http-cache-semantics@4.2.0:
    resolution: {integrity: sha512-dTxcvPXqPvXBQpq5dUr6mEMJX4oIEFv6bwom3FDwKRDsuIjjJGANqhBuoAn9c1RQJIdAKav33ED65E2ys+87QQ==}

  http-proxy-agent@7.0.2:
    resolution: {integrity: sha512-T1gkAiYYDWYx3V5Bmyu7HcfcvL7mUrTWiM6yOfa3PIphViJ/gFPbvidQ+veqSOHci/PxBcDabeUNCzpOODJZig==}
    engines: {node: '>= 14'}

  https-proxy-agent@7.0.6:
    resolution: {integrity: sha512-vK9P5/iUfdl95AI+JVyUuIcVtd4ofvtrOr3HNtM2yxC9bnMbEdp3x01OhQNnjb8IJYi38VlTE3mBXwcfvywuSw==}
    engines: {node: '>= 14'}

  iconv-lite@0.7.2:
    resolution: {integrity: sha512-im9DjEDQ55s9fL4EYzOAv0yMqmMBSZp6G0VvFyTMPKWxiSBHUj9NW/qqLmXUwXrrM7AvqSlTCfvqRb0cM8yYqw==}
    engines: {node: '>=0.10.0'}

  ignore-walk@8.0.0:
    resolution: {integrity: sha512-FCeMZT4NiRQGh+YkeKMtWrOmBgWjHjMJ26WQWrRQyoyzqevdaGSakUaJW5xQYmjLlUVk2qUnCjYVBax9EKKg8A==}
    engines: {node: ^20.17.0 || >=22.9.0}

  ignore@7.0.5:
    resolution: {integrity: sha512-Hs59xBNfUIunMFgWAbGX5cq6893IbWg4KnrjbYwX3tx0ztorVgTDA6B2sxf8ejHJ4wz8BqGUMYlnzNBer5NvGg==}
    engines: {node: '>= 4'}

  ini@6.0.0:
    resolution: {integrity: sha512-IBTdIkzZNOpqm7q3dRqJvMaldXjDHWkEDfrwGEQTs5eaQMWV+djAhR+wahyNNMAa+qpbDUhBMVt4ZKNwpPm7xQ==}
    engines: {node: ^20.17.0 || >=22.9.0}

  ip-address@10.1.0:
    resolution: {integrity: sha512-XXADHxXmvT9+CRxhXg56LJovE+bmWnEWB78LB83VZTprKTmaC5QfruXocxzTZ2Kl0DNwKuBdlIhjL8LeY8Sf8Q==}
    engines: {node: '>= 12'}

  is-extglob@2.1.1:
    resolution: {integrity: sha512-SbKbANkN603Vi4jEZv49LeVJMn4yGwsbzZworEoyEiutsN3nJYdbO36zfhGJ6QEDpOZIFkDtnq5JRxmvl3jsoQ==}
    engines: {node: '>=0.10.0'}

  is-glob@4.0.3:
    resolution: {integrity: sha512-xelSayHH36ZgE7ZWhli7pW34hNbNl8Ojv5KVmkJD4hBdD3th8Tfk9vYasLM+mXWOZhFkgZfxhLSnrwRr4elSSg==}
    engines: {node: '>=0.10.0'}

  is-number@7.0.0:
    resolution: {integrity: sha512-41Cifkg6e8TylSpdtTpeLVMqvSBEVzTttHvERD741+pnZ8ANv0004MRL43QKPDlK9cGvNp6NZWZUBlbGXYxxng==}
    engines: {node: '>=0.12.0'}

  is-path-inside@4.0.0:
    resolution: {integrity: sha512-lJJV/5dYS+RcL8uQdBDW9c9uWFLLBNRyFhnAKXw5tVqLlKZ4RMGZKv+YQ/IA3OhD+RpbJa1LLFM1FQPGyIXvOA==}
    engines: {node: '>=12'}

  is-unicode-supported@2.1.0:
    resolution: {integrity: sha512-mE00Gnza5EEB3Ds0HfMyllZzbBrmLOX3vfWoj9A9PEnTfratQ/BcaJOuMhnkhjXvb2+FkY3VuHqtAGpTPmglFQ==}
    engines: {node: '>=18'}

  isexe@2.0.0:
    resolution: {integrity: sha512-RHxMLp9lnKHGHRng9QFhRCMbYAcVpn69smSGcq3f36xjgVVWThj4qqLbTLlq7Ssj8B+fIQ1EuCEGI2lKsyQeIw==}

  isexe@4.0.0:
    resolution: {integrity: sha512-FFUtZMpoZ8RqHS3XeXEmHWLA4thH+ZxCv2lOiPIn1Xc7CxrqhWzNSDzD+/chS/zbYezmiwWLdQC09JdQKmthOw==}
    engines: {node: '>=20'}

  json-parse-even-better-errors@5.0.0:
    resolution: {integrity: sha512-ZF1nxZ28VhQouRWhUcVlUIN3qwSgPuswK05s/HIaoetAoE/9tngVmCHjSxmSQPav1nd+lPtTL0YZ/2AFdR/iYQ==}
    engines: {node: ^20.17.0 || >=22.9.0}

  jsonparse@1.3.1:
    resolution: {integrity: sha512-POQXvpdL69+CluYsillJ7SUhKvytYjW9vG/GKpnf+xP8UWgYEM/RaMzHHofbALDiKbbP1W8UEYmgGl39WkPZsg==}
    engines: {'0': node >= 0.2.0}

  kleur@3.0.3:
    resolution: {integrity: sha512-eTIzlVOSUR+JxdDFepEYcBMtZ9Qqdef+rnzWdRZuMbOywu5tO2w2N7rqjoANZ5k9vywhL6Br1VRjUIgTQx4E8w==}
    engines: {node: '>=6'}

  lru-cache@11.2.7:
    resolution: {integrity: sha512-aY/R+aEsRelme17KGQa/1ZSIpLpNYYrhcrepKTZgE+W3WM16YMCaPwOHLHsmopZHELU0Ojin1lPVxKR0MihncA==}
    engines: {node: 20 || >=22}

  make-fetch-happen@15.0.5:
    resolution: {integrity: sha512-uCbIa8jWWmQZt4dSnEStkVC6gdakiinAm4PiGsywIkguF0eWMdcjDz0ECYhUolFU3pFLOev9VNPCEygydXnddg==}
    engines: {node: ^20.17.0 || >=22.9.0}

  merge2@1.4.1:
    resolution: {integrity: sha512-8q7VEgMJW4J8tcfVPy8g09NcQwZdbwFEqhe/WZkoIzjn/3TGDwtOCYtXGxA3O8tPzpczCCDgv+P2P5y00ZJOOg==}
    engines: {node: '>= 8'}

  micromatch@4.0.8:
    resolution: {integrity: sha512-PXwfBhYu0hBCPw8Dn0E+WDYb7af3dSLVWKi3HGv84IdF4TyFoC0ysxFd0Goxw7nSv4T/PzEJQxsYsEiFCKo2BA==}
    engines: {node: '>=8.6'}

  minimatch@10.2.4:
    resolution: {integrity: sha512-oRjTw/97aTBN0RHbYCdtF1MQfvusSIBQM0IZEgzl6426+8jSC0nF1a/GmnVLpfB9yyr6g6FTqWqiZVbxrtaCIg==}
    engines: {node: 18 || 20 || >=22}

  minipass-collect@2.0.1:
    resolution: {integrity: sha512-D7V8PO9oaz7PWGLbCACuI1qEOsq7UKfLotx/C0Aet43fCUB/wfQ7DYeq2oR/svFJGYDHPr38SHATeaj/ZoKHKw==}
    engines: {node: '>=16 || 14 >=14.17'}

  minipass-fetch@5.0.2:
    resolution: {integrity: sha512-2d0q2a8eCi2IRg/IGubCNRJoYbA1+YPXAzQVRFmB45gdGZafyivnZ5YSEfo3JikbjGxOdntGFvBQGqaSMXlAFQ==}
    engines: {node: ^20.17.0 || >=22.9.0}

  minipass-flush@1.0.5:
    resolution: {integrity: sha512-JmQSYYpPUqX5Jyn1mXaRwOda1uQ8HP5KAT/oDSLCzt1BYRhQU0/hDtsB1ufZfEEzMZ9aAVmsBw8+FWsIXlClWw==}
    engines: {node: '>= 8'}

  minipass-pipeline@1.2.4:
    resolution: {integrity: sha512-xuIq7cIOt09RPRJ19gdi4b+RiNvDFYe5JH+ggNvBqGqpQXcru3PcRmOZuHBKWK1Txf9+cQ+HMVN4d6z46LZP7A==}
    engines: {node: '>=8'}

  minipass-sized@2.0.0:
    resolution: {integrity: sha512-zSsHhto5BcUVM2m1LurnXY6M//cGhVaegT71OfOXoprxT6o780GZd792ea6FfrQkuU4usHZIUczAQMRUE2plzA==}
    engines: {node: '>=8'}

  minipass@3.3.6:
    resolution: {integrity: sha512-DxiNidxSEK+tHG6zOIklvNOwm3hvCrbUrdtzY74U6HKTJxvIDfOUL5W5P2Ghd3DTkhhKPYGqeNUIh5qcM4YBfw==}
    engines: {node: '>=8'}

  minipass@7.1.3:
    resolution: {integrity: sha512-tEBHqDnIoM/1rXME1zgka9g6Q2lcoCkxHLuc7ODJ5BxbP5d4c2Z5cGgtXAku59200Cx7diuHTOYfSBD8n6mm8A==}
    engines: {node: '>=16 || 14 >=14.17'}

  minizlib@3.1.0:
    resolution: {integrity: sha512-KZxYo1BUkWD2TVFLr0MQoM8vUUigWD3LlD83a/75BqC+4qE0Hb1Vo5v1FgcfaNXvfXzr+5EhQ6ing/CaBijTlw==}
    engines: {node: '>= 18'}

  ms@2.1.3:
    resolution: {integrity: sha512-6FlzubTLZG3J2a/NVCAleEhjzq5oxgHyaCU9yYXvcLsvoVaHJq/s5xXI6/XXP6tz7R9xAOtHnSO/tXtF3WRTlA==}

  negotiator@1.0.0:
    resolution: {integrity: sha512-8Ofs/AUQh8MaEcrlq5xOX0CQ9ypTF5dl78mjlMNfOK08fzpgTHQRQPBxcPlEtIw0yRpws+Zo/3r+5WRby7u3Gg==}
    engines: {node: '>= 0.6'}

  node-gyp@12.2.0:
    resolution: {integrity: sha512-q23WdzrQv48KozXlr0U1v9dwO/k59NHeSzn6loGcasyf0UnSrtzs8kRxM+mfwJSf0DkX0s43hcqgnSO4/VNthQ==}
    engines: {node: ^20.17.0 || >=22.9.0}
    hasBin: true

  nopt@9.0.0:
    resolution: {integrity: sha512-Zhq3a+yFKrYwSBluL4H9XP3m3y5uvQkB/09CwDruCiRmR/UJYnn9W4R48ry0uGC70aeTPKLynBtscP9efFFcPw==}
    engines: {node: ^20.17.0 || >=22.9.0}
    hasBin: true

  npm-bundled@5.0.0:
    resolution: {integrity: sha512-JLSpbzh6UUXIEoqPsYBvVNVmyrjVZ1fzEFbqxKkTJQkWBO3xFzFT+KDnSKQWwOQNbuWRwt5LSD6HOTLGIWzfrw==}
    engines: {node: ^20.17.0 || >=22.9.0}

  npm-install-checks@8.0.0:
    resolution: {integrity: sha512-ScAUdMpyzkbpxoNekQ3tNRdFI8SJ86wgKZSQZdUxT+bj0wVFpsEMWnkXP0twVe1gJyNF5apBWDJhhIbgrIViRA==}
    engines: {node: ^20.17.0 || >=22.9.0}

  npm-normalize-package-bin@5.0.0:
    resolution: {integrity: sha512-CJi3OS4JLsNMmr2u07OJlhcrPxCeOeP/4xq67aWNai6TNWWbTrlNDgl8NcFKVlcBKp18GPj+EzbNIgrBfZhsag==}
    engines: {node: ^20.17.0 || >=22.9.0}

  npm-package-arg@13.0.2:
    resolution: {integrity: sha512-IciCE3SY3uE84Ld8WZU23gAPPV9rIYod4F+rc+vJ7h7cwAJt9Vk6TVsK60ry7Uj3SRS3bqRRIGuTp9YVlk6WNA==}
    engines: {node: ^20.17.0 || >=22.9.0}

  npm-packlist@10.0.4:
    resolution: {integrity: sha512-uMW73iajD8hiH4ZBxEV3HC+eTnppIqwakjOYuvgddnalIw2lJguKviK1pcUJDlIWm1wSJkchpDZDSVVsZEYRng==}
    engines: {node: ^20.17.0 || >=22.9.0}

  npm-pick-manifest@11.0.3:
    resolution: {integrity: sha512-buzyCfeoGY/PxKqmBqn1IUJrZnUi1VVJTdSSRPGI60tJdUhUoSQFhs0zycJokDdOznQentgrpf8LayEHyyYlqQ==}
    engines: {node: ^20.17.0 || >=22.9.0}

  npm-registry-fetch@19.1.1:
    resolution: {integrity: sha512-TakBap6OM1w0H73VZVDf44iFXsOS3h+L4wVMXmbWOQroZgFhMch0juN6XSzBNlD965yIKvWg2dfu7NSiaYLxtw==}
    engines: {node: ^20.17.0 || >=22.9.0}

  p-map@7.0.4:
    resolution: {integrity: sha512-tkAQEw8ysMzmkhgw8k+1U/iPhWNhykKnSk4Rd5zLoPJCuJaGRPo6YposrZgaxHKzDHdDWWZvE/Sk7hsL2X/CpQ==}
    engines: {node: '>=18'}

  pacote@21.5.0:
    resolution: {integrity: sha512-VtZ0SB8mb5Tzw3dXDfVAIjhyVKUHZkS/ZH9/5mpKenwC9sFOXNI0JI7kEF7IMkwOnsWMFrvAZHzx1T5fmrp9FQ==}
    engines: {node: ^20.17.0 || >=22.9.0}
    hasBin: true

  path-key@3.1.1:
    resolution: {integrity: sha512-ojmeN0qd+y0jszEtoY48r0Peq5dwMEkIlCOu6Q5f41lfkswXuKtYrhgoTpLnyIcHm24Uhqx+5Tqm2InSwLhE6Q==}
    engines: {node: '>=8'}

  path-scurry@2.0.2:
    resolution: {integrity: sha512-3O/iVVsJAPsOnpwWIeD+d6z/7PmqApyQePUtCndjatj/9I5LylHvt5qluFaBT3I5h3r1ejfR056c+FCv+NnNXg==}
    engines: {node: 18 || 20 || >=22}

  picocolors@1.1.1:
    resolution: {integrity: sha512-xceH2snhtb5M9liqDsmEw56le376mTZkEX/jEb/RxNFyegNul7eNslCXP9FDj/Lcu0X8KEyMceP2ntpaHrDEVA==}

  picomatch@2.3.1:
    resolution: {integrity: sha512-JU3teHTNjmE2VCGFzuY8EXzCDVwEqB2a8fsIvwaStHhAWJEeVd1o1QD80CU6+ZdEXXSLbSsuLwJjkCBWqRQUVA==}
    engines: {node: '>=8.6'}

  picomatch@4.0.3:
    resolution: {integrity: sha512-5gTmgEY/sqK6gFXLIsQNH19lWb4ebPDLA4SdLP7dsWkIXHWlG66oPuVvXSGFPppYZz8ZDZq0dYYrbHfBCVUb1Q==}
    engines: {node: '>=12'}

  pluralize@8.0.0:
    resolution: {integrity: sha512-Nc3IT5yHzflTfbjgqWcCPpo7DaKy4FnpB0l/zCAW0Tc7jxAiuqSxHasntB3D7887LSrA93kDJ9IXovxJYxyLCA==}
    engines: {node: '>=4'}

  proc-log@6.1.0:
    resolution: {integrity: sha512-iG+GYldRf2BQ0UDUAd6JQ/RwzaQy6mXmsk/IzlYyal4A4SNFw54MeH4/tLkF4I5WoWG9SQwuqWzS99jaFQHBuQ==}
    engines: {node: ^20.17.0 || >=22.9.0}

  prompts@2.4.2:
    resolution: {integrity: sha512-NxNv/kLguCA7p3jE8oL2aEBsrJWgAakBpgmgK6lpPWV+WuOmY6r2/zbAVnP+T8bQlA0nzHXSJSJW0Hq7ylaD2Q==}
    engines: {node: '>= 6'}

  queue-microtask@1.2.3:
    resolution: {integrity: sha512-NuaNSa6flKT5JaSYQzJok04JzTL1CA6aGhv5rfLW3PgqA+M2ChpZQnAC8h8i4ZFkBS8X5RqkDBHA7r4hej3K9A==}

  reusify@1.1.0:
    resolution: {integrity: sha512-g6QUff04oZpHs0eG5p83rFLhHeV00ug/Yf9nZM6fLeUrPguBTkTQOdpAWWspMh55TZfVQDPaN3NQJfbVRAxdIw==}
    engines: {iojs: '>=1.0.0', node: '>=0.10.0'}

  run-parallel@1.2.0:
    resolution: {integrity: sha512-5l4VyZR86LZ/lDxZTR6jqL8AFE2S0IFLMP26AbjsLVADxHdhB/c0GUsH+y39UfCi3dzz8OlQuPmnaJOMoDHQBA==}

  safer-buffer@2.1.2:
    resolution: {integrity: sha512-YZo3K82SD7Riyi0E1EQPojLz7kpepnSQI9IyPbHHg1XXXevb5dJI7tpyN2ADxGcQbHG7vcyRHk0cbwqcQriUtg==}

  semver@7.7.4:
    resolution: {integrity: sha512-vFKC2IEtQnVhpT78h1Yp8wzwrf8CM+MzKMHGJZfBtzhZNycRFnXsHk6E5TxIkkMsgNS7mdX3AGB7x2QM2di4lA==}
    engines: {node: '>=10'}
    hasBin: true

  shebang-command@2.0.0:
    resolution: {integrity: sha512-kHxr2zZpYtdmrN1qDjrrX/Z1rR1kG8Dx+gkpK1G4eXmvXswmcE1hTWBWYUzlraYw1/yZp6YuDY77YtvbN0dmDA==}
    engines: {node: '>=8'}

  shebang-regex@3.0.0:
    resolution: {integrity: sha512-7++dFhtcx3353uBaq8DDR4NuxBetBzC7ZQOhmTQInHEd6bSrXdiEyzCvG07Z44UYdLShWUyXt5M/yhz8ekcb1A==}
    engines: {node: '>=8'}

  sigstore@4.1.0:
    resolution: {integrity: sha512-/fUgUhYghuLzVT/gaJoeVehLCgZiUxPCPMcyVNY0lIf/cTCz58K/WTI7PefDarXxp9nUKpEwg1yyz3eSBMTtgA==}
    engines: {node: ^20.17.0 || >=22.9.0}

  sisteransi@1.0.5:
    resolution: {integrity: sha512-bLGGlR1QxBcynn2d5YmDX4MGjlZvy2MRBDRNHLJ8VI6l6+9FUiyTFNJ0IveOSP0bcXgVDPRcfGqA0pjaqUpfVg==}

  slash@5.1.0:
    resolution: {integrity: sha512-ZA6oR3T/pEyuqwMgAKT0/hAv8oAXckzbkmR0UkUosQ+Mc4RxGoJkRmwHgHufaenlyAgE1Mxgpdcrf75y6XcnDg==}
    engines: {node: '>=14.16'}

  smart-buffer@4.2.0:
    resolution: {integrity: sha512-94hK0Hh8rPqQl2xXc3HsaBoOXKV20MToPkcXvwbISWLEs+64sBq5kFgn2kJDHb1Pry9yrP0dxrCI9RRci7RXKg==}
    engines: {node: '>= 6.0.0', npm: '>= 3.0.0'}

  smol-toml@1.6.0:
    resolution: {integrity: sha512-4zemZi0HvTnYwLfrpk/CF9LOd9Lt87kAt50GnqhMpyF9U3poDAP2+iukq2bZsO/ufegbYehBkqINbsWxj4l4cw==}
    engines: {node: '>= 18'}

  socks-proxy-agent@8.0.5:
    resolution: {integrity: sha512-HehCEsotFqbPW9sJ8WVYB6UbmIMv7kUUORIF2Nncq4VQvBfNBLibW9YZR5dlYCSUhwcD628pRllm7n+E+YTzJw==}
    engines: {node: '>= 14'}

  socks@2.8.7:
    resolution: {integrity: sha512-HLpt+uLy/pxB+bum/9DzAgiKS8CX1EvbWxI4zlmgGCExImLdiad2iCwXT5Z4c9c3Eq8rP2318mPW2c+QbtjK8A==}
    engines: {node: '>= 10.0.0', npm: '>= 3.0.0'}

  source-map-support@0.5.21:
    resolution: {integrity: sha512-uBHU3L3czsIyYXKX88fdrGovxdSCoTGDRZ6SYXtSRxLZUzHg5P/66Ht6uoUlHu9EZod+inXhKo3qQgwXUT/y1w==}

  source-map@0.6.1:
    resolution: {integrity: sha512-UjgapumWlbMhkBgzT7Ykc5YXUT46F0iKu8SGXq0bcwP5dz/h0Plj6enJqjz1Zbq2l5WaqYnrVbwWOWMyF3F47g==}
    engines: {node: '>=0.10.0'}

  spdx-exceptions@2.5.0:
    resolution: {integrity: sha512-PiU42r+xO4UbUS1buo3LPJkjlO7430Xn5SVAhdpzzsPHsjbYVflnnFdATgabnLude+Cqu25p6N+g2lw/PFsa4w==}

  spdx-expression-parse@4.0.0:
    resolution: {integrity: sha512-Clya5JIij/7C6bRR22+tnGXbc4VKlibKSVj2iHvVeX5iMW7s1SIQlqu699JkODJJIhh/pUu8L0/VLh8xflD+LQ==}

  spdx-license-ids@3.0.23:
    resolution: {integrity: sha512-CWLcCCH7VLu13TgOH+r8p1O/Znwhqv/dbb6lqWy67G+pT1kHmeD/+V36AVb/vq8QMIQwVShJ6Ssl5FPh0fuSdw==}

  ssri@13.0.1:
    resolution: {integrity: sha512-QUiRf1+u9wPTL/76GTYlKttDEBWV1ga9ZXW8BG6kfdeyyM8LGPix9gROyg9V2+P0xNyF3X2Go526xKFdMZrHSQ==}
    engines: {node: ^20.17.0 || >=22.9.0}

  std-env@3.10.0:
    resolution: {integrity: sha512-5GS12FdOZNliM5mAOxFRg7Ir0pWz8MdpYm6AY6VPkGpbA7ZzmbzNcBJQ0GPvvyWgcY7QAhCgf9Uy89I03faLkg==}

  string-width@7.2.0:
    resolution: {integrity: sha512-tsaTIkKW9b4N+AEj+SVA+WhJzV7/zMhcSu78mLKWSk7cXMOSHsBKFWUs0fWwq8QyK3MgJBQRX6Gbi4kYbdvGkQ==}
    engines: {node: '>=18'}

  strip-ansi@7.2.0:
    resolution: {integrity: sha512-yDPMNjp4WyfYBkHnjIRLfca1i6KMyGCtsVgoKe/z1+6vukgaENdgGBZt+ZmKPc4gavvEZ5OgHfHdrazhgNyG7w==}
    engines: {node: '>=12'}

  tar@7.5.12:
    resolution: {integrity: sha512-9TsuLcdhOn4XztcQqhNyq1KOwOOED/3k58JAvtULiYqbO8B/0IBAAIE1hj0Svmm58k27TmcigyDI0deMlgG3uw==}
    engines: {node: '>=18'}

  tinyglobby@0.2.15:
    resolution: {integrity: sha512-j2Zq4NyQYG5XMST4cbs02Ak8iJUdxRM0XI5QyxXuZOzKOINmWurp3smXu3y5wDcJrptwpSjgXHzIQxR0omXljQ==}
    engines: {node: '>=12.0.0'}

  to-regex-range@5.0.1:
    resolution: {integrity: sha512-65P7iz6X5yEr1cwcgvQxbbIw7Uk3gOy5dIdtZ4rDveLqhrdJP+Li/Hx6tyK0NEb+2GCyneCMJiGqrADCSNk8sQ==}
    engines: {node: '>=8.0'}

  tuf-js@4.1.0:
    resolution: {integrity: sha512-50QV99kCKH5P/Vs4E2Gzp7BopNV+KzTXqWeaxrfu5IQJBOULRsTIS9seSsOVT8ZnGXzCyx55nYWAi4qJzpZKEQ==}
    engines: {node: ^20.17.0 || >=22.9.0}

  unicorn-magic@0.4.0:
    resolution: {integrity: sha512-wH590V9VNgYH9g3lH9wWjTrUoKsjLF6sGLjhR4sH1LWpLmCOH0Zf7PukhDA8BiS7KHe4oPNkcTHqYkj7SOGUOw==}
    engines: {node: '>=20'}

  validate-npm-package-name@7.0.2:
    resolution: {integrity: sha512-hVDIBwsRruT73PbK7uP5ebUt+ezEtCmzZz3F59BSr2F6OVFnJ/6h8liuvdLrQ88Xmnk6/+xGGuq+pG9WwTuy3A==}
    engines: {node: ^20.17.0 || >=22.9.0}

  which@2.0.2:
    resolution: {integrity: sha512-BLI3Tl1TW3Pvl70l3yq3Y64i+awpwXqsGBYWkkqMtnbXgrMD+yj7rhW0kuEDxzJaYXGjEW5ogapKNMEKNMjibA==}
    engines: {node: '>= 8'}
    hasBin: true

  which@6.0.1:
    resolution: {integrity: sha512-oGLe46MIrCRqX7ytPUf66EAYvdeMIZYn3WaocqqKZAxrBpkqHfL/qvTyJ/bTk5+AqHCjXmrv3CEWgy368zhRUg==}
    engines: {node: ^20.17.0 || >=22.9.0}
    hasBin: true

  wrap-ansi@9.0.2:
    resolution: {integrity: sha512-42AtmgqjV+X1VpdOfyTGOYRi0/zsoLqtXQckTmqTeybT+BDIbM/Guxo7x3pE2vtpr1ok6xRqM9OpBe+Jyoqyww==}
    engines: {node: '>=18'}

  y18n@5.0.8:
    resolution: {integrity: sha512-0pfFzegeDWJHJIAmTLRP2DwHjdF5s7jo9tuztdQxAhINCdvS+3nGINqPd00AphqJR/0LhANUS6/+7SCb98YOfA==}
    engines: {node: '>=10'}

  yallist@4.0.0:
    resolution: {integrity: sha512-3wdGidZyq5PB084XLES5TpOSRA3wjXAlIWMhum2kRcv/41Sn2emQ0dycQW4uZXLejwKvg6EsvbdlVL+FYEct7A==}

  yallist@5.0.0:
    resolution: {integrity: sha512-YgvUTfwqyc7UXVMrB+SImsVYSmTS8X/tSrtdNZMImM+n7+QTriRXyXim0mBrTXNeqzVF0KWGgHPeiyViFFrNDw==}
    engines: {node: '>=18'}

  yaml@2.8.2:
    resolution: {integrity: sha512-mplynKqc1C2hTVYxd0PU2xQAc22TI1vShAYGksCCfxbn/dFwnHTNi1bvYsBTkhdUNtGIf5xNOg938rrSSYvS9A==}
    engines: {node: '>= 14.6'}
    hasBin: true

  yargs-parser@22.0.0:
    resolution: {integrity: sha512-rwu/ClNdSMpkSrUb+d6BRsSkLUq1fmfsY6TOpYzTwvwkg1/NRG85KBy3kq++A8LKQwX6lsu+aWad+2khvuXrqw==}
    engines: {node: ^20.19.0 || ^22.12.0 || >=23}

  yargs@18.0.0:
    resolution: {integrity: sha512-4UEqdc2RYGHZc7Doyqkrqiln3p9X2DZVxaGbwhn2pi7MrRagKaOcIKe8L3OxYcbhXLgLFUS3zAYuQjKBQgmuNg==}
    engines: {node: ^20.19.0 || ^22.12.0 || >=23}

  zod@4.3.6:
    resolution: {integrity: sha512-rftlrkhHZOcjDwkGlnUtZZkvaPHCsDATp4pGpuOOMDaTdDDXF91wuVDJoWoPsKX/3YPQ5fHuF3STjcYyKr+Qhg==}

snapshots:

  '@chronus/chronus@1.3.1':
    dependencies:
      cross-spawn: 7.0.6
      globby: 16.1.1
      is-unicode-supported: 2.1.0
      micromatch: 4.0.8
      pacote: 21.5.0
      picocolors: 1.1.1
      pluralize: 8.0.0
      prompts: 2.4.2
      semver: 7.7.4
      smol-toml: 1.6.0
      source-map-support: 0.5.21
      std-env: 3.10.0
      yaml: 2.8.2
      yargs: 18.0.0
      zod: 4.3.6
    transitivePeerDependencies:
      - supports-color

  '@gar/promise-retry@1.0.3': {}

  '@isaacs/fs-minipass@4.0.1':
    dependencies:
      minipass: 7.1.3

  '@nodelib/fs.scandir@2.1.5':
    dependencies:
      '@nodelib/fs.stat': 2.0.5
      run-parallel: 1.2.0

  '@nodelib/fs.stat@2.0.5': {}

  '@nodelib/fs.walk@1.2.8':
    dependencies:
      '@nodelib/fs.scandir': 2.1.5
      fastq: 1.20.1

  '@npmcli/agent@4.0.0':
    dependencies:
      agent-base: 7.1.4
      http-proxy-agent: 7.0.2
      https-proxy-agent: 7.0.6
      lru-cache: 11.2.7
      socks-proxy-agent: 8.0.5
    transitivePeerDependencies:
      - supports-color

  '@npmcli/fs@5.0.0':
    dependencies:
      semver: 7.7.4

  '@npmcli/git@7.0.2':
    dependencies:
      '@gar/promise-retry': 1.0.3
      '@npmcli/promise-spawn': 9.0.1
      ini: 6.0.0
      lru-cache: 11.2.7
      npm-pick-manifest: 11.0.3
      proc-log: 6.1.0
      semver: 7.7.4
      which: 6.0.1

  '@npmcli/installed-package-contents@4.0.0':
    dependencies:
      npm-bundled: 5.0.0
      npm-normalize-package-bin: 5.0.0

  '@npmcli/node-gyp@5.0.0': {}

  '@npmcli/package-json@7.0.5':
    dependencies:
      '@npmcli/git': 7.0.2
      glob: 13.0.6
      hosted-git-info: 9.0.2
      json-parse-even-better-errors: 5.0.0
      proc-log: 6.1.0
      semver: 7.7.4
      spdx-expression-parse: 4.0.0

  '@npmcli/promise-spawn@9.0.1':
    dependencies:
      which: 6.0.1

  '@npmcli/redact@4.0.0': {}

  '@npmcli/run-script@10.0.4':
    dependencies:
      '@npmcli/node-gyp': 5.0.0
      '@npmcli/package-json': 7.0.5
      '@npmcli/promise-spawn': 9.0.1
      node-gyp: 12.2.0
      proc-log: 6.1.0
    transitivePeerDependencies:
      - supports-color

  '@sigstore/bundle@4.0.0':
    dependencies:
      '@sigstore/protobuf-specs': 0.5.0

  '@sigstore/core@3.2.0': {}

  '@sigstore/protobuf-specs@0.5.0': {}

  '@sigstore/sign@4.1.1':
    dependencies:
      '@gar/promise-retry': 1.0.3
      '@sigstore/bundle': 4.0.0
      '@sigstore/core': 3.2.0
      '@sigstore/protobuf-specs': 0.5.0
      make-fetch-happen: 15.0.5
      proc-log: 6.1.0
    transitivePeerDependencies:
      - supports-color

  '@sigstore/tuf@4.0.2':
    dependencies:
      '@sigstore/protobuf-specs': 0.5.0
      tuf-js: 4.1.0
    transitivePeerDependencies:
      - supports-color

  '@sigstore/verify@3.1.0':
    dependencies:
      '@sigstore/bundle': 4.0.0
      '@sigstore/core': 3.2.0
      '@sigstore/protobuf-specs': 0.5.0

  '@sindresorhus/merge-streams@4.0.0': {}

  '@tufjs/canonical-json@2.0.0': {}

  '@tufjs/models@4.1.0':
    dependencies:
      '@tufjs/canonical-json': 2.0.0
      minimatch: 10.2.4

  abbrev@4.0.0: {}

  agent-base@7.1.4: {}

  ansi-regex@6.2.2: {}

  ansi-styles@6.2.3: {}

  balanced-match@4.0.4: {}

  brace-expansion@5.0.4:
    dependencies:
      balanced-match: 4.0.4

  braces@3.0.3:
    dependencies:
      fill-range: 7.1.1

  buffer-from@1.1.2: {}

  cacache@20.0.4:
    dependencies:
      '@npmcli/fs': 5.0.0
      fs-minipass: 3.0.3
      glob: 13.0.6
      lru-cache: 11.2.7
      minipass: 7.1.3
      minipass-collect: 2.0.1
      minipass-flush: 1.0.5
      minipass-pipeline: 1.2.4
      p-map: 7.0.4
      ssri: 13.0.1

  chownr@3.0.0: {}

  cliui@9.0.1:
    dependencies:
      string-width: 7.2.0
      strip-ansi: 7.2.0
      wrap-ansi: 9.0.2

  cross-spawn@7.0.6:
    dependencies:
      path-key: 3.1.1
      shebang-command: 2.0.0
      which: 2.0.2

  debug@4.4.3:
    dependencies:
      ms: 2.1.3

  emoji-regex@10.6.0: {}

  env-paths@2.2.1: {}

  escalade@3.2.0: {}

  exponential-backoff@3.1.3: {}

  fast-glob@3.3.3:
    dependencies:
      '@nodelib/fs.stat': 2.0.5
      '@nodelib/fs.walk': 1.2.8
      glob-parent: 5.1.2
      merge2: 1.4.1
      micromatch: 4.0.8

  fastq@1.20.1:
    dependencies:
      reusify: 1.1.0

  fdir@6.5.0(picomatch@4.0.3):
    optionalDependencies:
      picomatch: 4.0.3

  fill-range@7.1.1:
    dependencies:
      to-regex-range: 5.0.1

  fs-minipass@3.0.3:
    dependencies:
      minipass: 7.1.3

  get-caller-file@2.0.5: {}

  get-east-asian-width@1.5.0: {}

  glob-parent@5.1.2:
    dependencies:
      is-glob: 4.0.3

  glob@13.0.6:
    dependencies:
      minimatch: 10.2.4
      minipass: 7.1.3
      path-scurry: 2.0.2

  globby@16.1.1:
    dependencies:
      '@sindresorhus/merge-streams': 4.0.0
      fast-glob: 3.3.3
      ignore: 7.0.5
      is-path-inside: 4.0.0
      slash: 5.1.0
      unicorn-magic: 0.4.0

  graceful-fs@4.2.11: {}

  hosted-git-info@9.0.2:
    dependencies:
      lru-cache: 11.2.7

  http-cache-semantics@4.2.0: {}

  http-proxy-agent@7.0.2:
    dependencies:
      agent-base: 7.1.4
      debug: 4.4.3
    transitivePeerDependencies:
      - supports-color

  https-proxy-agent@7.0.6:
    dependencies:
      agent-base: 7.1.4
      debug: 4.4.3
    transitivePeerDependencies:
      - supports-color

  iconv-lite@0.7.2:
    dependencies:
      safer-buffer: 2.1.2
    optional: true

  ignore-walk@8.0.0:
    dependencies:
      minimatch: 10.2.4

  ignore@7.0.5: {}

  ini@6.0.0: {}

  ip-address@10.1.0: {}

  is-extglob@2.1.1: {}

  is-glob@4.0.3:
    dependencies:
      is-extglob: 2.1.1

  is-number@7.0.0: {}

  is-path-inside@4.0.0: {}

  is-unicode-supported@2.1.0: {}

  isexe@2.0.0: {}

  isexe@4.0.0: {}

  json-parse-even-better-errors@5.0.0: {}

  jsonparse@1.3.1: {}

  kleur@3.0.3: {}

  lru-cache@11.2.7: {}

  make-fetch-happen@15.0.5:
    dependencies:
      '@gar/promise-retry': 1.0.3
      '@npmcli/agent': 4.0.0
      '@npmcli/redact': 4.0.0
      cacache: 20.0.4
      http-cache-semantics: 4.2.0
      minipass: 7.1.3
      minipass-fetch: 5.0.2
      minipass-flush: 1.0.5
      minipass-pipeline: 1.2.4
      negotiator: 1.0.0
      proc-log: 6.1.0
      ssri: 13.0.1
    transitivePeerDependencies:
      - supports-color

  merge2@1.4.1: {}

  micromatch@4.0.8:
    dependencies:
      braces: 3.0.3
      picomatch: 2.3.1

  minimatch@10.2.4:
    dependencies:
      brace-expansion: 5.0.4

  minipass-collect@2.0.1:
    dependencies:
      minipass: 7.1.3

  minipass-fetch@5.0.2:
    dependencies:
      minipass: 7.1.3
      minipass-sized: 2.0.0
      minizlib: 3.1.0
    optionalDependencies:
      iconv-lite: 0.7.2

  minipass-flush@1.0.5:
    dependencies:
      minipass: 3.3.6

  minipass-pipeline@1.2.4:
    dependencies:
      minipass: 3.3.6

  minipass-sized@2.0.0:
    dependencies:
      minipass: 7.1.3

  minipass@3.3.6:
    dependencies:
      yallist: 4.0.0

  minipass@7.1.3: {}

  minizlib@3.1.0:
    dependencies:
      minipass: 7.1.3

  ms@2.1.3: {}

  negotiator@1.0.0: {}

  node-gyp@12.2.0:
    dependencies:
      env-paths: 2.2.1
      exponential-backoff: 3.1.3
      graceful-fs: 4.2.11
      make-fetch-happen: 15.0.5
      nopt: 9.0.0
      proc-log: 6.1.0
      semver: 7.7.4
      tar: 7.5.12
      tinyglobby: 0.2.15
      which: 6.0.1
    transitivePeerDependencies:
      - supports-color

  nopt@9.0.0:
    dependencies:
      abbrev: 4.0.0

  npm-bundled@5.0.0:
    dependencies:
      npm-normalize-package-bin: 5.0.0

  npm-install-checks@8.0.0:
    dependencies:
      semver: 7.7.4

  npm-normalize-package-bin@5.0.0: {}

  npm-package-arg@13.0.2:
    dependencies:
      hosted-git-info: 9.0.2
      proc-log: 6.1.0
      semver: 7.7.4
      validate-npm-package-name: 7.0.2

  npm-packlist@10.0.4:
    dependencies:
      ignore-walk: 8.0.0
      proc-log: 6.1.0

  npm-pick-manifest@11.0.3:
    dependencies:
      npm-install-checks: 8.0.0
      npm-normalize-package-bin: 5.0.0
      npm-package-arg: 13.0.2
      semver: 7.7.4

  npm-registry-fetch@19.1.1:
    dependencies:
      '@npmcli/redact': 4.0.0
      jsonparse: 1.3.1
      make-fetch-happen: 15.0.5
      minipass: 7.1.3
      minipass-fetch: 5.0.2
      minizlib: 3.1.0
      npm-package-arg: 13.0.2
      proc-log: 6.1.0
    transitivePeerDependencies:
      - supports-color

  p-map@7.0.4: {}

  pacote@21.5.0:
    dependencies:
      '@gar/promise-retry': 1.0.3
      '@npmcli/git': 7.0.2
      '@npmcli/installed-package-contents': 4.0.0
      '@npmcli/package-json': 7.0.5
      '@npmcli/promise-spawn': 9.0.1
      '@npmcli/run-script': 10.0.4
      cacache: 20.0.4
      fs-minipass: 3.0.3
      minipass: 7.1.3
      npm-package-arg: 13.0.2
      npm-packlist: 10.0.4
      npm-pick-manifest: 11.0.3
      npm-registry-fetch: 19.1.1
      proc-log: 6.1.0
      sigstore: 4.1.0
      ssri: 13.0.1
      tar: 7.5.12
    transitivePeerDependencies:
      - supports-color

  path-key@3.1.1: {}

  path-scurry@2.0.2:
    dependencies:
      lru-cache: 11.2.7
      minipass: 7.1.3

  picocolors@1.1.1: {}

  picomatch@2.3.1: {}

  picomatch@4.0.3: {}

  pluralize@8.0.0: {}

  proc-log@6.1.0: {}

  prompts@2.4.2:
    dependencies:
      kleur: 3.0.3
      sisteransi: 1.0.5

  queue-microtask@1.2.3: {}

  reusify@1.1.0: {}

  run-parallel@1.2.0:
    dependencies:
      queue-microtask: 1.2.3

  safer-buffer@2.1.2:
    optional: true

  semver@7.7.4: {}

  shebang-command@2.0.0:
    dependencies:
      shebang-regex: 3.0.0

  shebang-regex@3.0.0: {}

  sigstore@4.1.0:
    dependencies:
      '@sigstore/bundle': 4.0.0
      '@sigstore/core': 3.2.0
      '@sigstore/protobuf-specs': 0.5.0
      '@sigstore/sign': 4.1.1
      '@sigstore/tuf': 4.0.2
      '@sigstore/verify': 3.1.0
    transitivePeerDependencies:
      - supports-color

  sisteransi@1.0.5: {}

  slash@5.1.0: {}

  smart-buffer@4.2.0: {}

  smol-toml@1.6.0: {}

  socks-proxy-agent@8.0.5:
    dependencies:
      agent-base: 7.1.4
      debug: 4.4.3
      socks: 2.8.7
    transitivePeerDependencies:
      - supports-color

  socks@2.8.7:
    dependencies:
      ip-address: 10.1.0
      smart-buffer: 4.2.0

  source-map-support@0.5.21:
    dependencies:
      buffer-from: 1.1.2
      source-map: 0.6.1

  source-map@0.6.1: {}

  spdx-exceptions@2.5.0: {}

  spdx-expression-parse@4.0.0:
    dependencies:
      spdx-exceptions: 2.5.0
      spdx-license-ids: 3.0.23

  spdx-license-ids@3.0.23: {}

  ssri@13.0.1:
    dependencies:
      minipass: 7.1.3

  std-env@3.10.0: {}

  string-width@7.2.0:
    dependencies:
      emoji-regex: 10.6.0
      get-east-asian-width: 1.5.0
      strip-ansi: 7.2.0

  strip-ansi@7.2.0:
    dependencies:
      ansi-regex: 6.2.2

  tar@7.5.12:
    dependencies:
      '@isaacs/fs-minipass': 4.0.1
      chownr: 3.0.0
      minipass: 7.1.3
      minizlib: 3.1.0
      yallist: 5.0.0

  tinyglobby@0.2.15:
    dependencies:
      fdir: 6.5.0(picomatch@4.0.3)
      picomatch: 4.0.3

  to-regex-range@5.0.1:
    dependencies:
      is-number: 7.0.0

  tuf-js@4.1.0:
    dependencies:
      '@tufjs/models': 4.1.0
      debug: 4.4.3
      make-fetch-happen: 15.0.5
    transitivePeerDependencies:
      - supports-color

  unicorn-magic@0.4.0: {}

  validate-npm-package-name@7.0.2: {}

  which@2.0.2:
    dependencies:
      isexe: 2.0.0

  which@6.0.1:
    dependencies:
      isexe: 4.0.0

  wrap-ansi@9.0.2:
    dependencies:
      ansi-styles: 6.2.3
      string-width: 7.2.0
      strip-ansi: 7.2.0

  y18n@5.0.8: {}

  yallist@4.0.0: {}

  yallist@5.0.0: {}

  yaml@2.8.2: {}

  yargs-parser@22.0.0: {}

  yargs@18.0.0:
    dependencies:
      cliui: 9.0.1
      escalade: 3.2.0
      get-caller-file: 2.0.5
      string-width: 7.2.0
      y18n: 5.0.8
      yargs-parser: 22.0.0

  zod@4.3.6: {}
