interactions:
- request:
    body: null
    headers:
      Accept: ['*/*']
      Accept-Encoding: ['gzip, deflate']
      Connection: [keep-alive]
      Content-Length: ['0']
      Content-Type: [application/octet-stream Charset=UTF-8]
      User-Agent: [pyazure/0.20.0]
      x-ms-date: ['Tue, 23 Jun 2015 00:56:57 GMT']
      x-ms-version: ['2014-02-14']
    method: PUT
    uri: https://storagename.blob.core.windows.net/utcontainerda470d23?restype=container
  response:
    body: {string: ''}
    headers:
      Date: ['Tue, 23 Jun 2015 00:56:57 GMT']
      ETag: ['"0x8D27B66A3AC941D"']
      Last-Modified: ['Tue, 23 Jun 2015 00:56:57 GMT']
      Server: [Windows-Azure-Blob/1.0 Microsoft-HTTPAPI/2.0]
      Transfer-Encoding: [chunked]
      x-ms-request-id: [eba5cc1b-0001-0045-044f-ad772a000000]
      x-ms-version: ['2014-02-14']
    status: {code: 201, message: Created}
- request:
    body: null
    headers:
      Accept: ['*/*']
      Accept-Encoding: ['gzip, deflate']
      Connection: [keep-alive]
      Content-Length: ['0']
      Content-Type: [application/octet-stream Charset=UTF-8]
      User-Agent: [pyazure/0.20.0]
      x-ms-blob-type: [BlockBlob]
      x-ms-date: ['Tue, 23 Jun 2015 00:56:57 GMT']
      x-ms-version: ['2014-02-14']
    method: PUT
    uri: https://storagename.blob.core.windows.net/utcontainerda470d23/blob1
  response:
    body: {string: ''}
    headers:
      Content-MD5: [1B2M2Y8AsgTpgAmY7PhCfg==]
      Date: ['Tue, 23 Jun 2015 00:56:57 GMT']
      ETag: ['"0x8D27B66A3655E90"']
      Last-Modified: ['Tue, 23 Jun 2015 00:56:57 GMT']
      Server: [Windows-Azure-Blob/1.0 Microsoft-HTTPAPI/2.0]
      Transfer-Encoding: [chunked]
      x-ms-request-id: [eba5cc1e-0001-0045-064f-ad772a000000]
      x-ms-version: ['2014-02-14']
    status: {code: 201, message: Created}
- request:
    body: !!binary |
      YmxvY2sgMA==
    headers:
      Accept: ['*/*']
      Accept-Encoding: ['gzip, deflate']
      Connection: [keep-alive]
      Content-Length: ['7']
      Content-Type: [application/octet-stream Charset=UTF-8]
      User-Agent: [pyazure/0.20.0]
      x-ms-date: ['Tue, 23 Jun 2015 00:56:57 GMT']
      x-ms-version: ['2014-02-14']
    method: PUT
    uri: https://storagename.blob.core.windows.net/utcontainerda470d23/blob1?blockid=MA==&comp=block
  response:
    body: {string: ''}
    headers:
      Content-MD5: [TjjhPkKeLS6Els52i6m9Bg==]
      Date: ['Tue, 23 Jun 2015 00:56:57 GMT']
      Server: [Windows-Azure-Blob/1.0 Microsoft-HTTPAPI/2.0]
      Transfer-Encoding: [chunked]
      x-ms-request-id: [eba5cc25-0001-0045-0b4f-ad772a000000]
      x-ms-version: ['2014-02-14']
    status: {code: 201, message: Created}
- request:
    body: !!binary |
      YmxvY2sgMQ==
    headers:
      Accept: ['*/*']
      Accept-Encoding: ['gzip, deflate']
      Connection: [keep-alive]
      Content-Length: ['7']
      Content-Type: [application/octet-stream Charset=UTF-8]
      User-Agent: [pyazure/0.20.0]
      x-ms-date: ['Tue, 23 Jun 2015 00:56:57 GMT']
      x-ms-version: ['2014-02-14']
    method: PUT
    uri: https://storagename.blob.core.windows.net/utcontainerda470d23/blob1?blockid=MQ==&comp=block
  response:
    body: {string: ''}
    headers:
      Content-MD5: [ZOnmAD+J5F2p66g8NFSefA==]
      Date: ['Tue, 23 Jun 2015 00:56:57 GMT']
      Server: [Windows-Azure-Blob/1.0 Microsoft-HTTPAPI/2.0]
      Transfer-Encoding: [chunked]
      x-ms-request-id: [eba5cc2b-0001-0045-104f-ad772a000000]
      x-ms-version: ['2014-02-14']
    status: {code: 201, message: Created}
- request:
    body: !!binary |
      YmxvY2sgMg==
    headers:
      Accept: ['*/*']
      Accept-Encoding: ['gzip, deflate']
      Connection: [keep-alive]
      Content-Length: ['7']
      Content-Type: [application/octet-stream Charset=UTF-8]
      User-Agent: [pyazure/0.20.0]
      x-ms-date: ['Tue, 23 Jun 2015 00:56:57 GMT']
      x-ms-version: ['2014-02-14']
    method: PUT
    uri: https://storagename.blob.core.windows.net/utcontainerda470d23/blob1?blockid=Mg==&comp=block
  response:
    body: {string: ''}
    headers:
      Content-MD5: [giBgEwOK96+T6eqweyrlNg==]
      Date: ['Tue, 23 Jun 2015 00:56:57 GMT']
      Server: [Windows-Azure-Blob/1.0 Microsoft-HTTPAPI/2.0]
      Transfer-Encoding: [chunked]
      x-ms-request-id: [eba5cc3a-0001-0045-1d4f-ad772a000000]
      x-ms-version: ['2014-02-14']
    status: {code: 201, message: Created}
- request:
    body: !!binary |
      YmxvY2sgMw==
    headers:
      Accept: ['*/*']
      Accept-Encoding: ['gzip, deflate']
      Connection: [keep-alive]
      Content-Length: ['7']
      Content-Type: [application/octet-stream Charset=UTF-8]
      User-Agent: [pyazure/0.20.0]
      x-ms-date: ['Tue, 23 Jun 2015 00:56:57 GMT']
      x-ms-version: ['2014-02-14']
    method: PUT
    uri: https://storagename.blob.core.windows.net/utcontainerda470d23/blob1?blockid=Mw==&comp=block
  response:
    body: {string: ''}
    headers:
      Content-MD5: [FDhv5/Vy34Z9KKvEnjH2lQ==]
      Date: ['Tue, 23 Jun 2015 00:56:57 GMT']
      Server: [Windows-Azure-Blob/1.0 Microsoft-HTTPAPI/2.0]
      Transfer-Encoding: [chunked]
      x-ms-request-id: [eba5cc41-0001-0045-244f-ad772a000000]
      x-ms-version: ['2014-02-14']
    status: {code: 201, message: Created}
- request:
    body: !!binary |
      YmxvY2sgNA==
    headers:
      Accept: ['*/*']
      Accept-Encoding: ['gzip, deflate']
      Connection: [keep-alive]
      Content-Length: ['7']
      Content-Type: [application/octet-stream Charset=UTF-8]
      User-Agent: [pyazure/0.20.0]
      x-ms-date: ['Tue, 23 Jun 2015 00:56:57 GMT']
      x-ms-version: ['2014-02-14']
    method: PUT
    uri: https://storagename.blob.core.windows.net/utcontainerda470d23/blob1?blockid=NA==&comp=block
  response:
    body: {string: ''}
    headers:
      Content-MD5: [jkC3Z8KTocewrRQF+tkxeA==]
      Date: ['Tue, 23 Jun 2015 00:56:57 GMT']
      Server: [Windows-Azure-Blob/1.0 Microsoft-HTTPAPI/2.0]
      Transfer-Encoding: [chunked]
      x-ms-request-id: [eba5cc4b-0001-0045-2e4f-ad772a000000]
      x-ms-version: ['2014-02-14']
    status: {code: 201, message: Created}
version: 1
