interactions:
- request:
    body: null
    headers:
      Accept:
      - application/xml
      Accept-Encoding:
      - gzip, deflate
      Connection:
      - keep-alive
      User-Agent:
      - python/3.6.5 (Darwin-16.7.0-x86_64-i386-64bit) azure-core/0.0.1
      x-ms-client-request-id:
      - 176263f0-8ecc-11e9-b783-f45c89a7d159
      x-ms-date:
      - Fri, 14 Jun 2019 17:44:42 GMT
      x-ms-version:
      - '2018-03-28'
    method: GET
    uri: https://remotestoragename.blob.core.windows.net/?maxresults=1&comp=list
  response:
    body:
      string: "\uFEFF<?xml version=\"1.0\" encoding=\"utf-8\"?><EnumerationResults\
        \ ServiceEndpoint=\"https://remotestoragename.blob.core.windows.net/\"><MaxResults>1</MaxResults><Containers><Container><Name>74eee9323828452485f06121586564c5</Name><Properties><Last-Modified>Wed,\
        \ 12 Jun 2019 16:47:57 GMT</Last-Modified><Etag>\"0x8D6EF55B8D66F7D\"</Etag><LeaseStatus>unlocked</LeaseStatus><LeaseState>available</LeaseState><HasImmutabilityPolicy>false</HasImmutabilityPolicy><HasLegalHold>false</HasLegalHold></Properties></Container></Containers><NextMarker>/remotestoragename/a92b0bb3</NextMarker></EnumerationResults>"
    headers:
      Content-Type:
      - application/xml
      Date:
      - Fri, 14 Jun 2019 17:44:43 GMT
      Server:
      - Windows-Azure-Blob/1.0 Microsoft-HTTPAPI/2.0
      Transfer-Encoding:
      - chunked
      Vary:
      - Origin
      x-ms-request-id:
      - 6d3927f5-f01e-001f-1bd8-22bf10000000
      x-ms-version:
      - '2018-03-28'
    status:
      code: 200
      message: OK
- request:
    body: null
    headers:
      Accept:
      - application/xml
      Accept-Encoding:
      - gzip, deflate
      Connection:
      - keep-alive
      User-Agent:
      - python/3.6.5 (Darwin-16.7.0-x86_64-i386-64bit) azure-core/0.0.1
      x-ms-client-request-id:
      - 17812c5e-8ecc-11e9-b8db-f45c89a7d159
      x-ms-date:
      - Fri, 14 Jun 2019 17:44:43 GMT
      x-ms-version:
      - '2018-03-28'
    method: GET
    uri: https://remotestoragename.blob.core.windows.net/?marker=%2Fremotestoragename%2Fa92b0bb3&maxresults=1&comp=list
  response:
    body:
      string: "\uFEFF<?xml version=\"1.0\" encoding=\"utf-8\"?><EnumerationResults\
        \ ServiceEndpoint=\"https://remotestoragename.blob.core.windows.net/\"><Marker>/remotestoragename/a92b0bb3</Marker><MaxResults>1</MaxResults><Containers><Container><Name>container007fb4df93ef4558a0162ce5e7dd73f1</Name><Properties><Last-Modified>Fri,\
        \ 14 Jun 2019 01:10:36 GMT</Last-Modified><Etag>\"0x8D6F0651BE028B6\"</Etag><LeaseStatus>unlocked</LeaseStatus><LeaseState>available</LeaseState><PublicAccess>blob</PublicAccess><HasImmutabilityPolicy>false</HasImmutabilityPolicy><HasLegalHold>false</HasLegalHold></Properties></Container></Containers><NextMarker>/remotestoragename/container012e4504bd0c4d35b84f93c4abd8801a</NextMarker></EnumerationResults>"
    headers:
      Content-Type:
      - application/xml
      Date:
      - Fri, 14 Jun 2019 17:44:43 GMT
      Server:
      - Windows-Azure-Blob/1.0 Microsoft-HTTPAPI/2.0
      Transfer-Encoding:
      - chunked
      Vary:
      - Origin
      x-ms-request-id:
      - 6d392804-f01e-001f-27d8-22bf10000000
      x-ms-version:
      - '2018-03-28'
    status:
      code: 200
      message: OK
- request:
    body: null
    headers:
      Accept:
      - application/xml
      Accept-Encoding:
      - gzip, deflate
      Connection:
      - keep-alive
      User-Agent:
      - python/3.6.5 (Darwin-16.7.0-x86_64-i386-64bit) azure-core/0.0.1
      x-ms-client-request-id:
      - 730b140a-8ed5-11e9-b0c6-f45c89a7d159
      x-ms-date:
      - Fri, 14 Jun 2019 18:51:42 GMT
      x-ms-version:
      - '2018-03-28'
    method: GET
    uri: https://storagename.blob.core.windows.net/?maxresults=1&comp=list
  response:
    body:
      string: "\uFEFF<?xml version=\"1.0\" encoding=\"utf-8\"?><EnumerationResults\
        \ ServiceEndpoint=\"https://storagename.blob.core.windows.net/\"><MaxResults>1</MaxResults><Containers><Container><Name>74eee9323828452485f06121586564c5</Name><Properties><Last-Modified>Wed,\
        \ 12 Jun 2019 16:47:57 GMT</Last-Modified><Etag>\"0x8D6EF55B8D66F7D\"</Etag><LeaseStatus>unlocked</LeaseStatus><LeaseState>available</LeaseState><HasImmutabilityPolicy>false</HasImmutabilityPolicy><HasLegalHold>false</HasLegalHold></Properties></Container></Containers><NextMarker>/storagename/a92b0bb3</NextMarker></EnumerationResults>"
    headers:
      Content-Type:
      - application/xml
      Date:
      - Fri, 14 Jun 2019 18:51:41 GMT
      Server:
      - Windows-Azure-Blob/1.0 Microsoft-HTTPAPI/2.0
      Transfer-Encoding:
      - chunked
      Vary:
      - Origin
      x-ms-request-id:
      - 6849b358-101e-00d9-21e2-22c22c000000
      x-ms-version:
      - '2018-03-28'
    status:
      code: 200
      message: OK
- request:
    body: null
    headers:
      Accept:
      - application/xml
      Accept-Encoding:
      - gzip, deflate
      Connection:
      - keep-alive
      User-Agent:
      - python/3.6.5 (Darwin-16.7.0-x86_64-i386-64bit) azure-core/0.0.1
      x-ms-client-request-id:
      - 732a311e-8ed5-11e9-a85c-f45c89a7d159
      x-ms-date:
      - Fri, 14 Jun 2019 18:51:42 GMT
      x-ms-version:
      - '2018-03-28'
    method: GET
    uri: https://storagename.blob.core.windows.net/?marker=%2Fstoragename%2Fa92b0bb3&maxresults=1&comp=list
  response:
    body:
      string: "\uFEFF<?xml version=\"1.0\" encoding=\"utf-8\"?><EnumerationResults\
        \ ServiceEndpoint=\"https://storagename.blob.core.windows.net/\"><Marker>/storagename/a92b0bb3</Marker><MaxResults>1</MaxResults><Containers><Container><Name>container007fb4df93ef4558a0162ce5e7dd73f1</Name><Properties><Last-Modified>Fri,\
        \ 14 Jun 2019 01:10:36 GMT</Last-Modified><Etag>\"0x8D6F0651BE028B6\"</Etag><LeaseStatus>unlocked</LeaseStatus><LeaseState>available</LeaseState><PublicAccess>blob</PublicAccess><HasImmutabilityPolicy>false</HasImmutabilityPolicy><HasLegalHold>false</HasLegalHold></Properties></Container></Containers><NextMarker>/storagename/container012e4504bd0c4d35b84f93c4abd8801a</NextMarker></EnumerationResults>"
    headers:
      Content-Type:
      - application/xml
      Date:
      - Fri, 14 Jun 2019 18:51:41 GMT
      Server:
      - Windows-Azure-Blob/1.0 Microsoft-HTTPAPI/2.0
      Transfer-Encoding:
      - chunked
      Vary:
      - Origin
      x-ms-request-id:
      - 6849b36f-101e-00d9-35e2-22c22c000000
      x-ms-version:
      - '2018-03-28'
    status:
      code: 200
      message: OK
version: 1
