interactions:
- request:
    body: <?xml version="1.0" encoding="utf-8" standalone="yes"?><entry xmlns:d="http://schemas.microsoft.com/ado/2007/08/dataservices"
      xmlns:m="http://schemas.microsoft.com/ado/2007/08/dataservices/metadata" xmlns="http://www.w3.org/2005/Atom"><title></title><updated>2019-04-25T06:37:15.333004+00:00</updated><author><name></name></author><id></id><content
      type="application/xml"><QueueDescription xmlns:i="http://www.w3.org/2001/XMLSchema-instance"
      xmlns="http://schemas.microsoft.com/netservices/2010/10/servicebus/connect"></QueueDescription></content></entry>
    headers:
      Accept-Encoding:
      - gzip, deflate
      Connection:
      - keep-alive
      Content-Length:
      - '555'
      Content-Type:
      - application/atom+xml;type=entry;charset=utf-8
      User-Agent:
      - azure-servicebus/0.50.0 Azure-SDK-For-Python
    method: PUT
    uri: https://fakesbnamespace.servicebus.windows.net/utqueuef8dd18d8?api-version=2017-04
  response:
    body:
      string: <entry xmlns="http://www.w3.org/2005/Atom"><id>https://fakesbnamespace.servicebus.windows.net/utqueuef8dd18d8?api-version=2017-04</id><title
        type="text">utqueuef8dd18d8</title><published>2019-04-25T06:37:15Z</published><updated>2019-04-25T06:37:15Z</updated><author><name>fakesbnamespace</name></author><link
        rel="self" href="https://fakesbnamespace.servicebus.windows.net/utqueuef8dd18d8?api-version=2017-04"/><content
        type="application/xml"><QueueDescription xmlns="http://schemas.microsoft.com/netservices/2010/10/servicebus/connect"
        xmlns:i="http://www.w3.org/2001/XMLSchema-instance"><LockDuration>PT1M</LockDuration><MaxSizeInMegabytes>1024</MaxSizeInMegabytes><RequiresDuplicateDetection>false</RequiresDuplicateDetection><RequiresSession>false</RequiresSession><DefaultMessageTimeToLive>P10675199DT2H48M5.4775807S</DefaultMessageTimeToLive><DeadLetteringOnMessageExpiration>false</DeadLetteringOnMessageExpiration><DuplicateDetectionHistoryTimeWindow>PT10M</DuplicateDetectionHistoryTimeWindow><MaxDeliveryCount>10</MaxDeliveryCount><EnableBatchedOperations>true</EnableBatchedOperations><SizeInBytes>0</SizeInBytes><MessageCount>0</MessageCount><IsAnonymousAccessible>false</IsAnonymousAccessible><AuthorizationRules></AuthorizationRules><Status>Active</Status><CreatedAt>2019-04-25T06:37:15.763Z</CreatedAt><UpdatedAt>2019-04-25T06:37:15.837Z</UpdatedAt><SupportOrdering>true</SupportOrdering><AutoDeleteOnIdle>P10675199DT2H48M5.4775807S</AutoDeleteOnIdle><EnablePartitioning>false</EnablePartitioning><EntityAvailabilityStatus>Available</EntityAvailabilityStatus><EnableExpress>false</EnableExpress></QueueDescription></content></entry>
    headers:
      Content-Type:
      - application/atom+xml;type=entry;charset=utf-8
      Date:
      - Thu, 25 Apr 2019 06:37:15 GMT
      Server:
      - Microsoft-HTTPAPI/2.0
      Strict-Transport-Security:
      - max-age=31536000
      Transfer-Encoding:
      - chunked
    status:
      code: 201
      message: Created
- request:
    body: peek lock message unlock
    headers:
      Accept-Encoding:
      - gzip, deflate
      Connection:
      - keep-alive
      Content-Length:
      - '24'
      Content-Type:
      - application/atom+xml;type=entry;charset=utf-8
      User-Agent:
      - azure-servicebus/0.50.0 Azure-SDK-For-Python
    method: POST
    uri: https://fakesbnamespace.servicebus.windows.net/utqueuef8dd18d8/messages?api-version=2017-04
  response:
    body:
      string: ''
    headers:
      Content-Type:
      - application/xml; charset=utf-8
      Date:
      - Thu, 25 Apr 2019 06:37:15 GMT
      ETag:
      - '636917710358370000'
      Server:
      - Microsoft-HTTPAPI/2.0
      Strict-Transport-Security:
      - max-age=31536000
      Transfer-Encoding:
      - chunked
    status:
      code: 201
      message: Created
- request:
    body: null
    headers:
      Accept-Encoding:
      - gzip, deflate
      Connection:
      - keep-alive
      Content-Length:
      - '0'
      Content-Type:
      - application/atom+xml;type=entry;charset=utf-8
      User-Agent:
      - azure-servicebus/0.50.0 Azure-SDK-For-Python
    method: POST
    uri: https://fakesbnamespace.servicebus.windows.net/utqueuef8dd18d8/messages/head?timeout=60&api-version=2017-04
  response:
    body:
      string: peek lock message unlock
    headers:
      BrokerProperties:
      - '{"DeliveryCount":1,"EnqueuedSequenceNumber":0,"EnqueuedTimeUtc":"Thu, 25
        Apr 2019 06:37:16 GMT","LockToken":"c00df4d6-b5b5-42c2-9435-1ba3c528b823","LockedUntilUtc":"Thu,
        25 Apr 2019 06:38:16 GMT","MessageId":"c64d7c15effb4e78924f3a5ea37cf68c","SequenceNumber":1,"State":"Active","TimeToLive":922337203685.47754}'
      Content-Type:
      - application/atom+xml;type=entry;charset=utf-8
      Date:
      - Thu, 25 Apr 2019 06:37:16 GMT
      ETag:
      - '636917710358370000'
      Location:
      - https://fakesbnamespace.servicebus.windows.net/utqueuef8dd18d8/messages/1/c00df4d6-b5b5-42c2-9435-1ba3c528b823
      Server:
      - Microsoft-HTTPAPI/2.0
      Strict-Transport-Security:
      - max-age=31536000
      Transfer-Encoding:
      - chunked
    status:
      code: 201
      message: Created
- request:
    body: null
    headers:
      Accept-Encoding:
      - gzip, deflate
      Connection:
      - keep-alive
      Content-Length:
      - '0'
      Content-Type:
      - application/atom+xml;type=entry;charset=utf-8
      User-Agent:
      - azure-servicebus/0.50.0 Azure-SDK-For-Python
    method: POST
    uri: https://fakesbnamespace.servicebus.windows.net/utqueuef8dd18d8/messages/1/c00df4d6-b5b5-42c2-9435-1ba3c528b823?api-version=2017-04
  response:
    body:
      string: ''
    headers:
      Content-Type:
      - application/xml; charset=utf-8
      Date:
      - Thu, 25 Apr 2019 06:37:16 GMT
      ETag:
      - '636917710358370000'
      Server:
      - Microsoft-HTTPAPI/2.0
      Strict-Transport-Security:
      - max-age=31536000
      Transfer-Encoding:
      - chunked
    status:
      code: 200
      message: OK
- request:
    body: null
    headers:
      Accept-Encoding:
      - gzip, deflate
      Connection:
      - keep-alive
      Content-Length:
      - '0'
      Content-Type:
      - application/atom+xml;type=entry;charset=utf-8
      User-Agent:
      - azure-servicebus/0.50.0 Azure-SDK-For-Python
    method: PUT
    uri: https://fakesbnamespace.servicebus.windows.net/utqueuef8dd18d8/messages/1/c00df4d6-b5b5-42c2-9435-1ba3c528b823?api-version=2017-04
  response:
    body:
      string: ''
    headers:
      Content-Type:
      - application/xml; charset=utf-8
      Date:
      - Thu, 25 Apr 2019 06:37:16 GMT
      ETag:
      - '636917710358370000'
      Server:
      - Microsoft-HTTPAPI/2.0
      Strict-Transport-Security:
      - max-age=31536000
      Transfer-Encoding:
      - chunked
    status:
      code: 200
      message: OK
- request:
    body: null
    headers:
      Accept-Encoding:
      - gzip, deflate
      Connection:
      - keep-alive
      Content-Length:
      - '0'
      Content-Type:
      - application/atom+xml;type=entry;charset=utf-8
      User-Agent:
      - azure-servicebus/0.50.0 Azure-SDK-For-Python
    method: POST
    uri: https://fakesbnamespace.servicebus.windows.net/utqueuef8dd18d8/messages/head?timeout=60&api-version=2017-04
  response:
    body:
      string: peek lock message unlock
    headers:
      BrokerProperties:
      - '{"DeliveryCount":2,"EnqueuedSequenceNumber":0,"EnqueuedTimeUtc":"Thu, 25
        Apr 2019 06:37:16 GMT","LockToken":"db88db33-fefb-4e00-bba0-797c3f289346","LockedUntilUtc":"Thu,
        25 Apr 2019 06:38:16 GMT","MessageId":"c64d7c15effb4e78924f3a5ea37cf68c","SequenceNumber":1,"State":"Active","TimeToLive":922337203685.47754}'
      Content-Type:
      - application/atom+xml;type=entry;charset=utf-8
      Date:
      - Thu, 25 Apr 2019 06:37:16 GMT
      ETag:
      - '636917710358370000'
      Location:
      - https://fakesbnamespace.servicebus.windows.net/utqueuef8dd18d8/messages/1/db88db33-fefb-4e00-bba0-797c3f289346
      Server:
      - Microsoft-HTTPAPI/2.0
      Strict-Transport-Security:
      - max-age=31536000
      Transfer-Encoding:
      - chunked
    status:
      code: 201
      message: Created
- request:
    body: null
    headers:
      Accept-Encoding:
      - gzip, deflate
      Connection:
      - keep-alive
      Content-Length:
      - '0'
      Content-Type:
      - application/atom+xml;type=entry;charset=utf-8
      User-Agent:
      - azure-servicebus/0.50.0 Azure-SDK-For-Python
    method: DELETE
    uri: https://fakesbnamespace.servicebus.windows.net/utqueuef8dd18d8/messages/1/db88db33-fefb-4e00-bba0-797c3f289346?api-version=2017-04
  response:
    body:
      string: ''
    headers:
      Content-Type:
      - application/xml; charset=utf-8
      Date:
      - Thu, 25 Apr 2019 06:37:16 GMT
      ETag:
      - '636917710358370000'
      Server:
      - Microsoft-HTTPAPI/2.0
      Strict-Transport-Security:
      - max-age=31536000
      Transfer-Encoding:
      - chunked
    status:
      code: 200
      message: OK
version: 1
