interactions:
- request:
    body: null
    headers:
      User-Agent:
      - azsdk-python-storage-blob/12.0.0b1 Python/3.7.3 (Windows-10-10.0.18362-SP0)
      content-type:
      - application/xml; charset=utf-8
      x-ms-client-request-id:
      - 091b2e4c-b4d3-11e9-af3e-b831b58100e8
      x-ms-date:
      - Fri, 02 Aug 2019 03:10:09 GMT
      x-ms-version:
      - '2018-03-28'
    method: PUT
    uri: https://storagename.blob.core.windows.net/utcontainer109e0eb6?restype=container
  response:
    body:
      string: ''
    headers:
      ? !!python/object/new:multidict._istr.istr
      - Content-Length
      : '0'
      ? !!python/object/new:multidict._istr.istr
      - Date
      : Fri, 02 Aug 2019 03:10:09 GMT
      ? !!python/object/new:multidict._istr.istr
      - Etag
      : '"0x8D716F6ED5F0F5F"'
      ? !!python/object/new:multidict._istr.istr
      - Last-Modified
      : Fri, 02 Aug 2019 03:10:09 GMT
      ? !!python/object/new:multidict._istr.istr
      - Server
      : Windows-Azure-Blob/1.0 Microsoft-HTTPAPI/2.0
      x-ms-request-id: dec3f197-e01e-0044-3ddf-48b86c000000
      x-ms-version: '2018-03-28'
    status:
      code: 201
      message: Created
    url: !!python/object/new:yarl.URL
      state: !!python/tuple
      - !!python/object/new:urllib.parse.SplitResult
        - https
        - amqptest.blob.core.windows.net
        - /utcontainer109e0eb6
        - restype=container
        - ''
- request:
    body: null
    headers:
      User-Agent:
      - azsdk-python-storage-blob/12.0.0b1 Python/3.7.3 (Windows-10-10.0.18362-SP0)
      content-type:
      - application/xml; charset=utf-8
      x-ms-client-request-id:
      - 0933713e-b4d3-11e9-8295-b831b58100e8
      x-ms-date:
      - Fri, 02 Aug 2019 03:10:09 GMT
      x-ms-version:
      - '2018-03-28'
    method: PUT
    uri: https://storagename.blob.core.windows.net/utcontainer109e0eb6?restype=container
  response:
    body:
      string: "\uFEFF<?xml version=\"1.0\" encoding=\"utf-8\"?><Error><Code>ContainerAlreadyExists</Code><Message>The
        specified container already exists.\nRequestId:dec3f1b4-e01e-0044-56df-48b86c000000\nTime:2019-08-02T03:10:09.6930813Z</Message></Error>"
    headers:
      ? !!python/object/new:multidict._istr.istr
      - Content-Length
      : '230'
      ? !!python/object/new:multidict._istr.istr
      - Content-Type
      : application/xml
      ? !!python/object/new:multidict._istr.istr
      - Date
      : Fri, 02 Aug 2019 03:10:09 GMT
      ? !!python/object/new:multidict._istr.istr
      - Server
      : Windows-Azure-Blob/1.0 Microsoft-HTTPAPI/2.0
      x-ms-error-code: ContainerAlreadyExists
      x-ms-request-id: dec3f1b4-e01e-0044-56df-48b86c000000
      x-ms-version: '2018-03-28'
    status:
      code: 409
      message: The specified container already exists.
    url: !!python/object/new:yarl.URL
      state: !!python/tuple
      - !!python/object/new:urllib.parse.SplitResult
        - https
        - amqptest.blob.core.windows.net
        - /utcontainer109e0eb6
        - restype=container
        - ''
- request:
    body: null
    headers:
      Content-Length:
      - '0'
      Content-Type:
      - application/octet-stream
      If-None-Match:
      - '*'
      User-Agent:
      - azsdk-python-storage-blob/12.0.0b1 Python/3.7.3 (Windows-10-10.0.18362-SP0)
      x-ms-blob-type:
      - BlockBlob
      x-ms-client-request-id:
      - 093ab168-b4d3-11e9-8b3d-b831b58100e8
      x-ms-date:
      - Fri, 02 Aug 2019 03:10:09 GMT
      x-ms-version:
      - '2018-03-28'
    method: PUT
    uri: https://storagename.blob.core.windows.net/utcontainer109e0eb6/blob109e0eb6
  response:
    body:
      string: ''
    headers:
      ? !!python/object/new:multidict._istr.istr
      - Content-Length
      : '0'
      ? !!python/object/new:multidict._istr.istr
      - Content-Md5
      : 1B2M2Y8AsgTpgAmY7PhCfg==
      ? !!python/object/new:multidict._istr.istr
      - Date
      : Fri, 02 Aug 2019 03:10:09 GMT
      ? !!python/object/new:multidict._istr.istr
      - Etag
      : '"0x8D716F6ED6ED415"'
      ? !!python/object/new:multidict._istr.istr
      - Last-Modified
      : Fri, 02 Aug 2019 03:10:09 GMT
      ? !!python/object/new:multidict._istr.istr
      - Server
      : Windows-Azure-Blob/1.0 Microsoft-HTTPAPI/2.0
      x-ms-request-id: dec3f1ca-e01e-0044-69df-48b86c000000
      x-ms-request-server-encrypted: 'true'
      x-ms-version: '2018-03-28'
    status:
      code: 201
      message: Created
    url: !!python/object/new:yarl.URL
      state: !!python/tuple
      - !!python/object/new:urllib.parse.SplitResult
        - https
        - amqptest.blob.core.windows.net
        - /utcontainer109e0eb6/blob109e0eb6
        - ''
        - ''
- request:
    body: block 0
    headers:
      Content-Length:
      - '7'
      Content-Type:
      - application/octet-stream
      User-Agent:
      - azsdk-python-storage-blob/12.0.0b1 Python/3.7.3 (Windows-10-10.0.18362-SP0)
      x-ms-client-request-id:
      - 09411a02-b4d3-11e9-b1e8-b831b58100e8
      x-ms-date:
      - Fri, 02 Aug 2019 03:10:09 GMT
      x-ms-version:
      - '2018-03-28'
    method: PUT
    uri: https://storagename.blob.core.windows.net/utcontainer109e0eb6/blob109e0eb6?blockid=MA%3D%3D&comp=block
  response:
    body:
      string: ''
    headers:
      ? !!python/object/new:multidict._istr.istr
      - Content-Length
      : '0'
      ? !!python/object/new:multidict._istr.istr
      - Content-Md5
      : TjjhPkKeLS6Els52i6m9Bg==
      ? !!python/object/new:multidict._istr.istr
      - Date
      : Fri, 02 Aug 2019 03:10:09 GMT
      ? !!python/object/new:multidict._istr.istr
      - Server
      : Windows-Azure-Blob/1.0 Microsoft-HTTPAPI/2.0
      x-ms-request-id: dec3f1df-e01e-0044-7bdf-48b86c000000
      x-ms-request-server-encrypted: 'true'
      x-ms-version: '2018-03-28'
    status:
      code: 201
      message: Created
    url: !!python/object/new:yarl.URL
      state: !!python/tuple
      - !!python/object/new:urllib.parse.SplitResult
        - https
        - amqptest.blob.core.windows.net
        - /utcontainer109e0eb6/blob109e0eb6
        - blockid=MA%3D%3D&comp=block
        - ''
- request:
    body: block 1
    headers:
      Content-Length:
      - '7'
      Content-Type:
      - application/octet-stream
      User-Agent:
      - azsdk-python-storage-blob/12.0.0b1 Python/3.7.3 (Windows-10-10.0.18362-SP0)
      x-ms-client-request-id:
      - 0946bf5e-b4d3-11e9-baf5-b831b58100e8
      x-ms-date:
      - Fri, 02 Aug 2019 03:10:09 GMT
      x-ms-version:
      - '2018-03-28'
    method: PUT
    uri: https://storagename.blob.core.windows.net/utcontainer109e0eb6/blob109e0eb6?blockid=MQ%3D%3D&comp=block
  response:
    body:
      string: ''
    headers:
      ? !!python/object/new:multidict._istr.istr
      - Content-Length
      : '0'
      ? !!python/object/new:multidict._istr.istr
      - Content-Md5
      : ZOnmAD+J5F2p66g8NFSefA==
      ? !!python/object/new:multidict._istr.istr
      - Date
      : Fri, 02 Aug 2019 03:10:09 GMT
      ? !!python/object/new:multidict._istr.istr
      - Server
      : Windows-Azure-Blob/1.0 Microsoft-HTTPAPI/2.0
      x-ms-request-id: dec3f1ee-e01e-0044-08df-48b86c000000
      x-ms-request-server-encrypted: 'true'
      x-ms-version: '2018-03-28'
    status:
      code: 201
      message: Created
    url: !!python/object/new:yarl.URL
      state: !!python/tuple
      - !!python/object/new:urllib.parse.SplitResult
        - https
        - amqptest.blob.core.windows.net
        - /utcontainer109e0eb6/blob109e0eb6
        - blockid=MQ%3D%3D&comp=block
        - ''
- request:
    body: block 2
    headers:
      Content-Length:
      - '7'
      Content-Type:
      - application/octet-stream
      User-Agent:
      - azsdk-python-storage-blob/12.0.0b1 Python/3.7.3 (Windows-10-10.0.18362-SP0)
      x-ms-client-request-id:
      - 094c64d0-b4d3-11e9-9a4f-b831b58100e8
      x-ms-date:
      - Fri, 02 Aug 2019 03:10:09 GMT
      x-ms-version:
      - '2018-03-28'
    method: PUT
    uri: https://storagename.blob.core.windows.net/utcontainer109e0eb6/blob109e0eb6?blockid=Mg%3D%3D&comp=block
  response:
    body:
      string: ''
    headers:
      ? !!python/object/new:multidict._istr.istr
      - Content-Length
      : '0'
      ? !!python/object/new:multidict._istr.istr
      - Content-Md5
      : giBgEwOK96+T6eqweyrlNg==
      ? !!python/object/new:multidict._istr.istr
      - Date
      : Fri, 02 Aug 2019 03:10:09 GMT
      ? !!python/object/new:multidict._istr.istr
      - Server
      : Windows-Azure-Blob/1.0 Microsoft-HTTPAPI/2.0
      x-ms-request-id: dec3f1fb-e01e-0044-14df-48b86c000000
      x-ms-request-server-encrypted: 'true'
      x-ms-version: '2018-03-28'
    status:
      code: 201
      message: Created
    url: !!python/object/new:yarl.URL
      state: !!python/tuple
      - !!python/object/new:urllib.parse.SplitResult
        - https
        - amqptest.blob.core.windows.net
        - /utcontainer109e0eb6/blob109e0eb6
        - blockid=Mg%3D%3D&comp=block
        - ''
- request:
    body: block 3
    headers:
      Content-Length:
      - '7'
      Content-Type:
      - application/octet-stream
      User-Agent:
      - azsdk-python-storage-blob/12.0.0b1 Python/3.7.3 (Windows-10-10.0.18362-SP0)
      x-ms-client-request-id:
      - 09520a12-b4d3-11e9-b866-b831b58100e8
      x-ms-date:
      - Fri, 02 Aug 2019 03:10:09 GMT
      x-ms-version:
      - '2018-03-28'
    method: PUT
    uri: https://storagename.blob.core.windows.net/utcontainer109e0eb6/blob109e0eb6?blockid=Mw%3D%3D&comp=block
  response:
    body:
      string: ''
    headers:
      ? !!python/object/new:multidict._istr.istr
      - Content-Length
      : '0'
      ? !!python/object/new:multidict._istr.istr
      - Content-Md5
      : FDhv5/Vy34Z9KKvEnjH2lQ==
      ? !!python/object/new:multidict._istr.istr
      - Date
      : Fri, 02 Aug 2019 03:10:09 GMT
      ? !!python/object/new:multidict._istr.istr
      - Server
      : Windows-Azure-Blob/1.0 Microsoft-HTTPAPI/2.0
      x-ms-request-id: dec3f206-e01e-0044-1fdf-48b86c000000
      x-ms-request-server-encrypted: 'true'
      x-ms-version: '2018-03-28'
    status:
      code: 201
      message: Created
    url: !!python/object/new:yarl.URL
      state: !!python/tuple
      - !!python/object/new:urllib.parse.SplitResult
        - https
        - amqptest.blob.core.windows.net
        - /utcontainer109e0eb6/blob109e0eb6
        - blockid=Mw%3D%3D&comp=block
        - ''
- request:
    body: block 4
    headers:
      Content-Length:
      - '7'
      Content-Type:
      - application/octet-stream
      User-Agent:
      - azsdk-python-storage-blob/12.0.0b1 Python/3.7.3 (Windows-10-10.0.18362-SP0)
      x-ms-client-request-id:
      - 0957d662-b4d3-11e9-a678-b831b58100e8
      x-ms-date:
      - Fri, 02 Aug 2019 03:10:09 GMT
      x-ms-version:
      - '2018-03-28'
    method: PUT
    uri: https://storagename.blob.core.windows.net/utcontainer109e0eb6/blob109e0eb6?blockid=NA%3D%3D&comp=block
  response:
    body:
      string: ''
    headers:
      ? !!python/object/new:multidict._istr.istr
      - Content-Length
      : '0'
      ? !!python/object/new:multidict._istr.istr
      - Content-Md5
      : jkC3Z8KTocewrRQF+tkxeA==
      ? !!python/object/new:multidict._istr.istr
      - Date
      : Fri, 02 Aug 2019 03:10:09 GMT
      ? !!python/object/new:multidict._istr.istr
      - Server
      : Windows-Azure-Blob/1.0 Microsoft-HTTPAPI/2.0
      x-ms-request-id: dec3f212-e01e-0044-2bdf-48b86c000000
      x-ms-request-server-encrypted: 'true'
      x-ms-version: '2018-03-28'
    status:
      code: 201
      message: Created
    url: !!python/object/new:yarl.URL
      state: !!python/tuple
      - !!python/object/new:urllib.parse.SplitResult
        - https
        - amqptest.blob.core.windows.net
        - /utcontainer109e0eb6/blob109e0eb6
        - blockid=NA%3D%3D&comp=block
        - ''
version: 1
