interactions:
- request:
    body: null
    headers:
      Accept:
      - '*/*'
      Accept-Encoding:
      - gzip, deflate
      Connection:
      - keep-alive
      Content-Length:
      - '0'
      User-Agent:
      - azsdk-python-storage-blob/12.0.0b3 Python/3.7.3 (Windows-10-10.0.18362-SP0)
      content-type:
      - application/xml; charset=utf-8
      x-ms-blob-type:
      - AppendBlob
      x-ms-client-request-id:
      - 64061d12-d99b-11e9-bb39-001a7dda7113
      x-ms-date:
      - Tue, 17 Sep 2019 22:35:03 GMT
      x-ms-encryption-algorithm:
      - AES256
      x-ms-encryption-key:
      - MDEyMzQ1NjcwMTIzNDU2NzAxMjM0NTY3MDEyMzQ1Njc=
      x-ms-encryption-key-sha256:
      - 3QFFFpRA5+XANHqwwbT4yXDmrT/2JaLt/FKHjzhOdoE=
      x-ms-version:
      - '2019-02-02'
    method: PUT
    uri: https://storagename.blob.core.windows.net/utcontainer8edc0a8d/cpk8edc0a8d
  response:
    body:
      string: ''
    headers:
      Content-Length:
      - '0'
      Date:
      - Tue, 17 Sep 2019 22:35:03 GMT
      ETag:
      - '"0x8D73BBF487252B3"'
      Last-Modified:
      - Tue, 17 Sep 2019 22:35:03 GMT
      Server:
      - Windows-Azure-Blob/1.0 Microsoft-HTTPAPI/2.0
      x-ms-encryption-key-sha256:
      - 3QFFFpRA5+XANHqwwbT4yXDmrT/2JaLt/FKHjzhOdoE=
      x-ms-request-id:
      - 6202e0a2-f01e-003d-03a8-6de420000000
      x-ms-request-server-encrypted:
      - 'true'
      x-ms-version:
      - '2019-02-02'
    status:
      code: 201
      message: Created
- request:
    body: AAA
    headers:
      Accept:
      - '*/*'
      Accept-Encoding:
      - gzip, deflate
      Connection:
      - keep-alive
      Content-Length:
      - '3'
      Content-Type:
      - application/octet-stream
      User-Agent:
      - azsdk-python-storage-blob/12.0.0b3 Python/3.7.3 (Windows-10-10.0.18362-SP0)
      x-ms-client-request-id:
      - 6451e20a-d99b-11e9-88ab-001a7dda7113
      x-ms-date:
      - Tue, 17 Sep 2019 22:35:03 GMT
      x-ms-encryption-algorithm:
      - AES256
      x-ms-encryption-key:
      - MDEyMzQ1NjcwMTIzNDU2NzAxMjM0NTY3MDEyMzQ1Njc=
      x-ms-encryption-key-sha256:
      - 3QFFFpRA5+XANHqwwbT4yXDmrT/2JaLt/FKHjzhOdoE=
      x-ms-version:
      - '2019-02-02'
    method: PUT
    uri: https://storagename.blob.core.windows.net/utcontainer8edc0a8d/cpk8edc0a8d?comp=appendblock
  response:
    body:
      string: ''
    headers:
      Content-Length:
      - '0'
      Date:
      - Tue, 17 Sep 2019 22:35:03 GMT
      ETag:
      - '"0x8D73BBF48898221"'
      Last-Modified:
      - Tue, 17 Sep 2019 22:35:03 GMT
      Server:
      - Windows-Azure-Blob/1.0 Microsoft-HTTPAPI/2.0
      x-ms-blob-append-offset:
      - '0'
      x-ms-blob-committed-block-count:
      - '1'
      x-ms-content-crc64:
      - Cc/2Kr4DuKg=
      x-ms-encryption-key-sha256:
      - 3QFFFpRA5+XANHqwwbT4yXDmrT/2JaLt/FKHjzhOdoE=
      x-ms-request-id:
      - 6202e0aa-f01e-003d-09a8-6de420000000
      x-ms-request-server-encrypted:
      - 'true'
      x-ms-version:
      - '2019-02-02'
    status:
      code: 201
      message: Created
- request:
    body: BBB
    headers:
      Accept:
      - '*/*'
      Accept-Encoding:
      - gzip, deflate
      Connection:
      - keep-alive
      Content-Length:
      - '3'
      Content-Type:
      - application/octet-stream
      User-Agent:
      - azsdk-python-storage-blob/12.0.0b3 Python/3.7.3 (Windows-10-10.0.18362-SP0)
      x-ms-client-request-id:
      - 64684e82-d99b-11e9-8e0c-001a7dda7113
      x-ms-date:
      - Tue, 17 Sep 2019 22:35:03 GMT
      x-ms-encryption-algorithm:
      - AES256
      x-ms-encryption-key:
      - MDEyMzQ1NjcwMTIzNDU2NzAxMjM0NTY3MDEyMzQ1Njc=
      x-ms-encryption-key-sha256:
      - 3QFFFpRA5+XANHqwwbT4yXDmrT/2JaLt/FKHjzhOdoE=
      x-ms-version:
      - '2019-02-02'
    method: PUT
    uri: https://storagename.blob.core.windows.net/utcontainer8edc0a8d/cpk8edc0a8d?comp=appendblock
  response:
    body:
      string: ''
    headers:
      Content-Length:
      - '0'
      Date:
      - Tue, 17 Sep 2019 22:35:03 GMT
      ETag:
      - '"0x8D73BBF489F2D03"'
      Last-Modified:
      - Tue, 17 Sep 2019 22:35:03 GMT
      Server:
      - Windows-Azure-Blob/1.0 Microsoft-HTTPAPI/2.0
      x-ms-blob-append-offset:
      - '3'
      x-ms-blob-committed-block-count:
      - '2'
      x-ms-content-crc64:
      - +3yuPEA7IqE=
      x-ms-encryption-key-sha256:
      - 3QFFFpRA5+XANHqwwbT4yXDmrT/2JaLt/FKHjzhOdoE=
      x-ms-request-id:
      - 6202e0b7-f01e-003d-10a8-6de420000000
      x-ms-request-server-encrypted:
      - 'true'
      x-ms-version:
      - '2019-02-02'
    status:
      code: 201
      message: Created
- request:
    body: CCC
    headers:
      Accept:
      - '*/*'
      Accept-Encoding:
      - gzip, deflate
      Connection:
      - keep-alive
      Content-Length:
      - '3'
      Content-Type:
      - application/octet-stream
      User-Agent:
      - azsdk-python-storage-blob/12.0.0b3 Python/3.7.3 (Windows-10-10.0.18362-SP0)
      x-ms-client-request-id:
      - 647e06b6-d99b-11e9-9cf4-001a7dda7113
      x-ms-date:
      - Tue, 17 Sep 2019 22:35:04 GMT
      x-ms-encryption-algorithm:
      - AES256
      x-ms-encryption-key:
      - MDEyMzQ1NjcwMTIzNDU2NzAxMjM0NTY3MDEyMzQ1Njc=
      x-ms-encryption-key-sha256:
      - 3QFFFpRA5+XANHqwwbT4yXDmrT/2JaLt/FKHjzhOdoE=
      x-ms-version:
      - '2019-02-02'
    method: PUT
    uri: https://storagename.blob.core.windows.net/utcontainer8edc0a8d/cpk8edc0a8d?comp=appendblock
  response:
    body:
      string: ''
    headers:
      Content-Length:
      - '0'
      Date:
      - Tue, 17 Sep 2019 22:35:03 GMT
      ETag:
      - '"0x8D73BBF48B72322"'
      Last-Modified:
      - Tue, 17 Sep 2019 22:35:04 GMT
      Server:
      - Windows-Azure-Blob/1.0 Microsoft-HTTPAPI/2.0
      x-ms-blob-append-offset:
      - '6'
      x-ms-blob-committed-block-count:
      - '3'
      x-ms-content-crc64:
      - VRJmMeosVKY=
      x-ms-encryption-key-sha256:
      - 3QFFFpRA5+XANHqwwbT4yXDmrT/2JaLt/FKHjzhOdoE=
      x-ms-request-id:
      - 6202e0be-f01e-003d-14a8-6de420000000
      x-ms-request-server-encrypted:
      - 'true'
      x-ms-version:
      - '2019-02-02'
    status:
      code: 201
      message: Created
- request:
    body: null
    headers:
      Accept:
      - application/xml
      Accept-Encoding:
      - gzip, deflate
      Connection:
      - keep-alive
      User-Agent:
      - azsdk-python-storage-blob/12.0.0b3 Python/3.7.3 (Windows-10-10.0.18362-SP0)
      content-type:
      - application/xml; charset=utf-8
      x-ms-client-request-id:
      - 64962292-d99b-11e9-a5a4-001a7dda7113
      x-ms-date:
      - Tue, 17 Sep 2019 22:35:04 GMT
      x-ms-range:
      - bytes=0-33554431
      x-ms-version:
      - '2019-02-02'
    method: GET
    uri: https://storagename.blob.core.windows.net/utcontainer8edc0a8d/cpk8edc0a8d
  response:
    body:
      string: "\uFEFF<?xml version=\"1.0\" encoding=\"utf-8\"?><Error><Code>BlobUsesCustomerSpecifiedEncryption</Code><Message>The
        blob is encrypted with customer specified encryption, but it was not provided
        in the request.\nRequestId:6202e0ce-f01e-003d-1da8-6de420000000\nTime:2019-09-17T22:35:04.2663903Z</Message></Error>"
    headers:
      Content-Length:
      - '301'
      Content-Type:
      - application/xml
      Date:
      - Tue, 17 Sep 2019 22:35:04 GMT
      Server:
      - Windows-Azure-Blob/1.0 Microsoft-HTTPAPI/2.0
      Vary:
      - Origin
      x-ms-error-code:
      - BlobUsesCustomerSpecifiedEncryption
      x-ms-request-id:
      - 6202e0ce-f01e-003d-1da8-6de420000000
      x-ms-version:
      - '2019-02-02'
    status:
      code: 409
      message: The blob is encrypted with customer specified encryption, but it was
        not provided in the request.
- request:
    body: null
    headers:
      Accept:
      - application/xml
      Accept-Encoding:
      - gzip, deflate
      Connection:
      - keep-alive
      User-Agent:
      - azsdk-python-storage-blob/12.0.0b3 Python/3.7.3 (Windows-10-10.0.18362-SP0)
      content-type:
      - application/xml; charset=utf-8
      x-ms-client-request-id:
      - 64addee8-d99b-11e9-a6aa-001a7dda7113
      x-ms-date:
      - Tue, 17 Sep 2019 22:35:04 GMT
      x-ms-encryption-algorithm:
      - AES256
      x-ms-encryption-key:
      - MDEyMzQ1NjcwMTIzNDU2NzAxMjM0NTY3MDEyMzQ1Njc=
      x-ms-encryption-key-sha256:
      - 3QFFFpRA5+XANHqwwbT4yXDmrT/2JaLt/FKHjzhOdoE=
      x-ms-range:
      - bytes=0-33554431
      x-ms-version:
      - '2019-02-02'
    method: GET
    uri: https://storagename.blob.core.windows.net/utcontainer8edc0a8d/cpk8edc0a8d
  response:
    body:
      string: AAABBBCCC
    headers:
      Accept-Ranges:
      - bytes
      Content-Length:
      - '9'
      Content-Range:
      - bytes 0-8/9
      Content-Type:
      - application/xml; charset=utf-8
      Date:
      - Tue, 17 Sep 2019 22:35:04 GMT
      ETag:
      - '"0x8D73BBF48B72322"'
      Last-Modified:
      - Tue, 17 Sep 2019 22:35:04 GMT
      Server:
      - Windows-Azure-Blob/1.0 Microsoft-HTTPAPI/2.0
      Vary:
      - Origin
      x-ms-blob-committed-block-count:
      - '3'
      x-ms-blob-type:
      - AppendBlob
      x-ms-creation-time:
      - Tue, 17 Sep 2019 22:35:03 GMT
      x-ms-encryption-key-sha256:
      - 3QFFFpRA5+XANHqwwbT4yXDmrT/2JaLt/FKHjzhOdoE=
      x-ms-lease-state:
      - available
      x-ms-lease-status:
      - unlocked
      x-ms-request-id:
      - 6202e0d8-f01e-003d-23a8-6de420000000
      x-ms-server-encrypted:
      - 'true'
      x-ms-version:
      - '2019-02-02'
    status:
      code: 206
      message: Partial Content
version: 1
