interactions:
- request:
    body: null
    headers:
      Accept:
      - '*/*'
      Accept-Encoding:
      - gzip, deflate
      Connection:
      - keep-alive
      Content-Length:
      - '0'
      User-Agent:
      - azsdk-python-storage-blob/12.0.0b2 Python/3.7.3 (Windows-10-10.0.17763-SP0)
      x-ms-date:
      - Wed, 28 Aug 2019 02:08:21 GMT
      x-ms-version:
      - '2019-02-02'
    method: PUT
    uri: https://pyacrstorage4ff319bc.blob.core.windows.net/utcontainer4ff319bc?restype=container
  response:
    body:
      string: ''
    headers:
      content-length:
      - '0'
      date:
      - Wed, 28 Aug 2019 02:08:21 GMT
      etag:
      - '"0x8D72B5C9A72CF08"'
      last-modified:
      - Wed, 28 Aug 2019 02:08:22 GMT
      server:
      - Windows-Azure-Blob/1.0 Microsoft-HTTPAPI/2.0
      x-ms-version:
      - '2019-02-02'
    status:
      code: 201
      message: Created
- request:
    body: !!binary |
      /9lKKMYP1BY6kPmRA9Dra37dm6fbZPbgjOdl8A/kWomP51U4DdpTsWZjm4K4KgVgWDnvw+WpGRTM
      hg9tVTQ1OWfvjs2zg0vKNNMlR6oxt7zO3dvwcHDu37w1te9pprhgjrfLPR/vUV4ZvINZ9yZQbztW
      x0Dhhk0n8ET4KoO7/wXzgRBhF1AuLXFnqnOyDdVY
    headers:
      Accept:
      - '*/*'
      Accept-Encoding:
      - gzip, deflate
      Connection:
      - keep-alive
      Content-Length:
      - '144'
      Content-Type:
      - application/octet-stream
      If-None-Match:
      - '*'
      User-Agent:
      - azsdk-python-storage-blob/12.0.0b2 Python/3.7.3 (Windows-10-10.0.17763-SP0)
      x-ms-blob-type:
      - BlockBlob
      x-ms-date:
      - Wed, 28 Aug 2019 02:08:22 GMT
      x-ms-meta-encryptiondata:
      - '{"WrappedContentKey": {"KeyId": "key1", "EncryptedKey": "GGqDHQkJU9VwQQPMkbZwFcViNIl+ln7himZf14b8dYYWdMGNwVcTYA==",
        "Algorithm": "A256KW"}, "EncryptionAgent": {"Protocol": "1.0", "EncryptionAlgorithm":
        "AES_CBC_256"}, "ContentEncryptionIV": "f+hl6dg6tjQ1RfKcPBACzQ==", "KeyWrappingMetadata":
        {"EncryptionLibrary": "Python 12.0.0b2"}, "EncryptionMode": "FullBlob"}'
      x-ms-version:
      - '2019-02-02'
    method: PUT
    uri: https://pyacrstorage4ff319bc.blob.core.windows.net/utcontainer4ff319bc/encryption_block_blob4ff319bc
  response:
    body:
      string: ''
    headers:
      content-length:
      - '0'
      content-md5:
      - J3ysahngOC8mMc+q4q6ttQ==
      date:
      - Wed, 28 Aug 2019 02:08:21 GMT
      etag:
      - '"0x8D72B5C9A7E5DB2"'
      last-modified:
      - Wed, 28 Aug 2019 02:08:22 GMT
      server:
      - Windows-Azure-Blob/1.0 Microsoft-HTTPAPI/2.0
      x-ms-content-crc64:
      - UqNMrHQ9UQw=
      x-ms-request-server-encrypted:
      - 'true'
      x-ms-version:
      - '2019-02-02'
    status:
      code: 201
      message: Created
- request:
    body: null
    headers:
      Accept:
      - application/xml, application/octet-stream, text/plain
      Accept-Encoding:
      - gzip, deflate
      Connection:
      - keep-alive
      User-Agent:
      - azsdk-python-storage-blob/12.0.0b2 Python/3.7.3 (Windows-10-10.0.17763-SP0)
      x-ms-date:
      - Wed, 28 Aug 2019 02:08:22 GMT
      x-ms-range:
      - bytes=32-63
      x-ms-version:
      - '2019-02-02'
    method: GET
    uri: https://pyacrstorage4ff319bc.blob.core.windows.net/utcontainer4ff319bc/encryption_block_blob4ff319bc
  response:
    body:
      string: !!binary |
        j+dVOA3aU7FmY5uCuCoFYFg578PlqRkUzIYPbVU0NTk=
    headers:
      accept-ranges:
      - bytes
      content-length:
      - '32'
      content-range:
      - bytes 32-63/144
      content-type:
      - application/octet-stream
      date:
      - Wed, 28 Aug 2019 02:08:21 GMT
      etag:
      - '"0x8D72B5C9A7E5DB2"'
      last-modified:
      - Wed, 28 Aug 2019 02:08:22 GMT
      server:
      - Windows-Azure-Blob/1.0 Microsoft-HTTPAPI/2.0
      x-ms-blob-content-md5:
      - J3ysahngOC8mMc+q4q6ttQ==
      x-ms-blob-type:
      - BlockBlob
      x-ms-creation-time:
      - Wed, 28 Aug 2019 02:08:22 GMT
      x-ms-lease-state:
      - available
      x-ms-lease-status:
      - unlocked
      x-ms-meta-encryptiondata:
      - '{"WrappedContentKey": {"KeyId": "key1", "EncryptedKey": "GGqDHQkJU9VwQQPMkbZwFcViNIl+ln7himZf14b8dYYWdMGNwVcTYA==",
        "Algorithm": "A256KW"}, "EncryptionAgent": {"Protocol": "1.0", "EncryptionAlgorithm":
        "AES_CBC_256"}, "ContentEncryptionIV": "f+hl6dg6tjQ1RfKcPBACzQ==", "KeyWrappingMetadata":
        {"EncryptionLibrary": "Python 12.0.0b2"}, "EncryptionMode": "FullBlob"}'
      x-ms-server-encrypted:
      - 'true'
      x-ms-tag-count:
      - '0'
      x-ms-version:
      - '2019-02-02'
    status:
      code: 206
      message: Partial Content
version: 1
