interactions:
- request:
    body: null
    headers:
      Accept:
      - '*/*'
      Accept-Encoding:
      - gzip, deflate
      Connection:
      - keep-alive
      Content-Length:
      - '0'
      User-Agent:
      - azsdk-python-storage-blob/12.0.0b5 Python/3.6.3 (Windows-10-10.0.18362-SP0)
      x-ms-date:
      - Fri, 25 Oct 2019 18:40:59 GMT
      x-ms-version:
      - '2019-02-02'
    method: PUT
    uri: https://storagename.blob.core.windows.net/utcontainerbdb10c39?restype=container
  response:
    body:
      string: ''
    headers:
      content-length:
      - '0'
      date:
      - Fri, 25 Oct 2019 18:40:58 GMT
      etag:
      - '"0x8D7597AE0E37583"'
      last-modified:
      - Fri, 25 Oct 2019 18:40:59 GMT
      server:
      - Windows-Azure-Blob/1.0 Microsoft-HTTPAPI/2.0
      x-ms-version:
      - '2019-02-02'
    status:
      code: 201
      message: Created
- request:
    body: null
    headers:
      Accept:
      - '*/*'
      Accept-Encoding:
      - gzip, deflate
      Connection:
      - keep-alive
      Content-Length:
      - '0'
      Content-Type:
      - application/octet-stream
      If-None-Match:
      - '*'
      User-Agent:
      - azsdk-python-storage-blob/12.0.0b5 Python/3.6.3 (Windows-10-10.0.18362-SP0)
      x-ms-blob-type:
      - BlockBlob
      x-ms-date:
      - Fri, 25 Oct 2019 18:40:59 GMT
      x-ms-version:
      - '2019-02-02'
    method: PUT
    uri: https://storagename.blob.core.windows.net/utcontainerbdb10c39/blobbdb10c39
  response:
    body:
      string: ''
    headers:
      content-length:
      - '0'
      content-md5:
      - 1B2M2Y8AsgTpgAmY7PhCfg==
      date:
      - Fri, 25 Oct 2019 18:40:58 GMT
      etag:
      - '"0x8D7597AE0F2F5A3"'
      last-modified:
      - Fri, 25 Oct 2019 18:40:59 GMT
      server:
      - Windows-Azure-Blob/1.0 Microsoft-HTTPAPI/2.0
      x-ms-content-crc64:
      - AAAAAAAAAAA=
      x-ms-request-server-encrypted:
      - 'true'
      x-ms-version:
      - '2019-02-02'
    status:
      code: 201
      message: Created
- request:
    body: block 0
    headers:
      Accept:
      - '*/*'
      Accept-Encoding:
      - gzip, deflate
      Connection:
      - keep-alive
      Content-Length:
      - '7'
      Content-Type:
      - application/octet-stream
      User-Agent:
      - azsdk-python-storage-blob/12.0.0b5 Python/3.6.3 (Windows-10-10.0.18362-SP0)
      x-ms-date:
      - Fri, 25 Oct 2019 18:40:59 GMT
      x-ms-version:
      - '2019-02-02'
    method: PUT
    uri: https://storagename.blob.core.windows.net/utcontainerbdb10c39/blobbdb10c39?blockid=MA%3D%3D&comp=block
  response:
    body:
      string: ''
    headers:
      content-length:
      - '0'
      date:
      - Fri, 25 Oct 2019 18:40:58 GMT
      server:
      - Windows-Azure-Blob/1.0 Microsoft-HTTPAPI/2.0
      x-ms-content-crc64:
      - qG0Ez70es10=
      x-ms-request-server-encrypted:
      - 'true'
      x-ms-version:
      - '2019-02-02'
    status:
      code: 201
      message: Created
- request:
    body: block 1
    headers:
      Accept:
      - '*/*'
      Accept-Encoding:
      - gzip, deflate
      Connection:
      - keep-alive
      Content-Length:
      - '7'
      Content-Type:
      - application/octet-stream
      User-Agent:
      - azsdk-python-storage-blob/12.0.0b5 Python/3.6.3 (Windows-10-10.0.18362-SP0)
      x-ms-date:
      - Fri, 25 Oct 2019 18:40:59 GMT
      x-ms-version:
      - '2019-02-02'
    method: PUT
    uri: https://storagename.blob.core.windows.net/utcontainerbdb10c39/blobbdb10c39?blockid=MQ%3D%3D&comp=block
  response:
    body:
      string: ''
    headers:
      content-length:
      - '0'
      date:
      - Fri, 25 Oct 2019 18:40:58 GMT
      server:
      - Windows-Azure-Blob/1.0 Microsoft-HTTPAPI/2.0
      x-ms-content-crc64:
      - 0eQx/3Xu3SI=
      x-ms-request-server-encrypted:
      - 'true'
      x-ms-version:
      - '2019-02-02'
    status:
      code: 201
      message: Created
- request:
    body: block 2
    headers:
      Accept:
      - '*/*'
      Accept-Encoding:
      - gzip, deflate
      Connection:
      - keep-alive
      Content-Length:
      - '7'
      Content-Type:
      - application/octet-stream
      User-Agent:
      - azsdk-python-storage-blob/12.0.0b5 Python/3.6.3 (Windows-10-10.0.18362-SP0)
      x-ms-date:
      - Fri, 25 Oct 2019 18:40:59 GMT
      x-ms-version:
      - '2019-02-02'
    method: PUT
    uri: https://storagename.blob.core.windows.net/utcontainerbdb10c39/blobbdb10c39?blockid=Mg%3D%3D&comp=block
  response:
    body:
      string: ''
    headers:
      content-length:
      - '0'
      date:
      - Fri, 25 Oct 2019 18:40:58 GMT
      server:
      - Windows-Azure-Blob/1.0 Microsoft-HTTPAPI/2.0
      x-ms-content-crc64:
      - Wn9vry3/bqM=
      x-ms-request-server-encrypted:
      - 'true'
      x-ms-version:
      - '2019-02-02'
    status:
      code: 201
      message: Created
- request:
    body: block 3
    headers:
      Accept:
      - '*/*'
      Accept-Encoding:
      - gzip, deflate
      Connection:
      - keep-alive
      Content-Length:
      - '7'
      Content-Type:
      - application/octet-stream
      User-Agent:
      - azsdk-python-storage-blob/12.0.0b5 Python/3.6.3 (Windows-10-10.0.18362-SP0)
      x-ms-date:
      - Fri, 25 Oct 2019 18:40:59 GMT
      x-ms-version:
      - '2019-02-02'
    method: PUT
    uri: https://storagename.blob.core.windows.net/utcontainerbdb10c39/blobbdb10c39?blockid=Mw%3D%3D&comp=block
  response:
    body:
      string: ''
    headers:
      content-length:
      - '0'
      date:
      - Fri, 25 Oct 2019 18:40:58 GMT
      server:
      - Windows-Azure-Blob/1.0 Microsoft-HTTPAPI/2.0
      x-ms-content-crc64:
      - I/Zan+UPANw=
      x-ms-request-server-encrypted:
      - 'true'
      x-ms-version:
      - '2019-02-02'
    status:
      code: 201
      message: Created
- request:
    body: block 4
    headers:
      Accept:
      - '*/*'
      Accept-Encoding:
      - gzip, deflate
      Connection:
      - keep-alive
      Content-Length:
      - '7'
      Content-Type:
      - application/octet-stream
      User-Agent:
      - azsdk-python-storage-blob/12.0.0b5 Python/3.6.3 (Windows-10-10.0.18362-SP0)
      x-ms-date:
      - Fri, 25 Oct 2019 18:40:59 GMT
      x-ms-version:
      - '2019-02-02'
    method: PUT
    uri: https://storagename.blob.core.windows.net/utcontainerbdb10c39/blobbdb10c39?blockid=NA%3D%3D&comp=block
  response:
    body:
      string: ''
    headers:
      content-length:
      - '0'
      date:
      - Fri, 25 Oct 2019 18:40:58 GMT
      server:
      - Windows-Azure-Blob/1.0 Microsoft-HTTPAPI/2.0
      x-ms-content-crc64:
      - J9tFV8770ZQ=
      x-ms-request-server-encrypted:
      - 'true'
      x-ms-version:
      - '2019-02-02'
    status:
      code: 201
      message: Created
version: 1
