interactions:
- request:
    body: null
    headers:
      Accept:
      - '*/*'
      Accept-Encoding:
      - gzip, deflate
      Connection:
      - keep-alive
      Content-Length:
      - '0'
      User-Agent:
      - azsdk-python-storage-blob/12.0.0b5 Python/3.6.3 (Windows-10-10.0.18362-SP0)
      x-ms-date:
      - Fri, 25 Oct 2019 17:41:33 GMT
      x-ms-version:
      - '2019-02-02'
    method: PUT
    uri: https://blobstoragename.blob.core.windows.net/utcontainer4ff319bc?restype=container
  response:
    body:
      string: ''
    headers:
      content-length:
      - '0'
      date:
      - Fri, 25 Oct 2019 17:41:33 GMT
      etag:
      - '"0x8D7597293D767DD"'
      last-modified:
      - Fri, 25 Oct 2019 17:41:33 GMT
      server:
      - Windows-Azure-Blob/1.0 Microsoft-HTTPAPI/2.0
      x-ms-version:
      - '2019-02-02'
    status:
      code: 201
      message: Created
- request:
    body: !!binary |
      9nAwiwgGFd1jOdafFOibrD4JgjP5HzIQCGQXIozRNS4OFO9SqSf/P2OqC0S4mJVYuwso6EOpjvKD
      Z1ol4QSLHxoMPyGPOq1b3DqpLnUNboY9blBzO2jzoEB3FPBasIdmeIItLCOVkWEVcKogZYMhNZPy
      Vwkk1wgi9gMGmVsiqLlrx94Nhrq95hheXmLYZPOW
    headers:
      Accept:
      - '*/*'
      Accept-Encoding:
      - gzip, deflate
      Connection:
      - keep-alive
      Content-Length:
      - '144'
      Content-Type:
      - application/octet-stream
      If-None-Match:
      - '*'
      User-Agent:
      - azsdk-python-storage-blob/12.0.0b5 Python/3.6.3 (Windows-10-10.0.18362-SP0)
      x-ms-blob-type:
      - BlockBlob
      x-ms-date:
      - Fri, 25 Oct 2019 17:41:34 GMT
      x-ms-meta-encryptiondata:
      - '{"WrappedContentKey": {"KeyId": "key1", "EncryptedKey": "TnC1yZc6V6o+47IjtMTHAamxXVAon37R4XsBYxlzjOXCf+iIEfxy3w==",
        "Algorithm": "A256KW"}, "EncryptionAgent": {"Protocol": "1.0", "EncryptionAlgorithm":
        "AES_CBC_256"}, "ContentEncryptionIV": "2/fXjCFEkz/LPa3YaHaONQ==", "KeyWrappingMetadata":
        {"EncryptionLibrary": "Python 12.0.0b5"}, "EncryptionMode": "FullBlob"}'
      x-ms-version:
      - '2019-02-02'
    method: PUT
    uri: https://blobstoragename.blob.core.windows.net/utcontainer4ff319bc/encryption_block_blob4ff319bc
  response:
    body:
      string: ''
    headers:
      content-length:
      - '0'
      content-md5:
      - jBXoup7dV/XW89WZU77yPQ==
      date:
      - Fri, 25 Oct 2019 17:41:33 GMT
      etag:
      - '"0x8D7597293E11EEC"'
      last-modified:
      - Fri, 25 Oct 2019 17:41:33 GMT
      server:
      - Windows-Azure-Blob/1.0 Microsoft-HTTPAPI/2.0
      x-ms-content-crc64:
      - yucJL8OpNuI=
      x-ms-request-server-encrypted:
      - 'true'
      x-ms-version:
      - '2019-02-02'
    status:
      code: 201
      message: Created
- request:
    body: null
    headers:
      Accept:
      - application/xml
      Accept-Encoding:
      - gzip, deflate
      Connection:
      - keep-alive
      User-Agent:
      - azsdk-python-storage-blob/12.0.0b5 Python/3.6.3 (Windows-10-10.0.18362-SP0)
      x-ms-date:
      - Fri, 25 Oct 2019 17:41:34 GMT
      x-ms-range:
      - bytes=32-63
      x-ms-version:
      - '2019-02-02'
    method: GET
    uri: https://blobstoragename.blob.core.windows.net/utcontainer4ff319bc/encryption_block_blob4ff319bc
  response:
    body:
      string: !!binary |
        DhTvUqkn/z9jqgtEuJiVWLsLKOhDqY7yg2daJeEEix8=
    headers:
      accept-ranges:
      - bytes
      content-length:
      - '32'
      content-range:
      - bytes 32-63/144
      content-type:
      - application/octet-stream
      date:
      - Fri, 25 Oct 2019 17:41:33 GMT
      etag:
      - '"0x8D7597293E11EEC"'
      last-modified:
      - Fri, 25 Oct 2019 17:41:33 GMT
      server:
      - Windows-Azure-Blob/1.0 Microsoft-HTTPAPI/2.0
      x-ms-blob-content-md5:
      - jBXoup7dV/XW89WZU77yPQ==
      x-ms-blob-type:
      - BlockBlob
      x-ms-creation-time:
      - Fri, 25 Oct 2019 17:41:33 GMT
      x-ms-lease-state:
      - available
      x-ms-lease-status:
      - unlocked
      x-ms-meta-encryptiondata:
      - '{"WrappedContentKey": {"KeyId": "key1", "EncryptedKey": "TnC1yZc6V6o+47IjtMTHAamxXVAon37R4XsBYxlzjOXCf+iIEfxy3w==",
        "Algorithm": "A256KW"}, "EncryptionAgent": {"Protocol": "1.0", "EncryptionAlgorithm":
        "AES_CBC_256"}, "ContentEncryptionIV": "2/fXjCFEkz/LPa3YaHaONQ==", "KeyWrappingMetadata":
        {"EncryptionLibrary": "Python 12.0.0b5"}, "EncryptionMode": "FullBlob"}'
      x-ms-server-encrypted:
      - 'true'
      x-ms-version:
      - '2019-02-02'
    status:
      code: 206
      message: Partial Content
version: 1
