{
  "requires": true,
  "lockfileVersion": 1,
  "dependencies": {
    "autorest": {
      "version": "3.6.3",
      "resolved": "https://registry.npmjs.org/autorest/-/autorest-3.6.3.tgz",
      "integrity": "sha512-j/Axwk9bniifTNtBLYVxfQZGQIGPKljFaCQCBWOiybVar2j3tkHP1btiC4a/t9pAJXY6IaFgWctoPM3G/Puhyg=="
    }
  }
}
