
Microsoft Visual Studio Solution File, Format Version 12.00
# Visual Studio 14
VisualStudioVersion = 14.0.23020.0
MinimumVisualStudioVersion = 10.0.40219.1
Project("{888888A0-9F3D-457C-B088-3A5042F75D52}") = "AzureResourceViewer", "AzureResourceViewer.pyproj", "{27A0D52F-03C0-4BF5-B6B3-4634BECC05B9}"
EndProject
Global
	GlobalSection(SolutionConfigurationPlatforms) = preSolution
		Debug|Any CPU = Debug|Any CPU
		Release|Any CPU = Release|Any CPU
	EndGlobalSection
	GlobalSection(ProjectConfigurationPlatforms) = postSolution
		{27A0D52F-03C0-4BF5-B6B3-4634BECC05B9}.Debug|Any CPU.ActiveCfg = Debug|Any CPU
		{27A0D52F-03C0-4BF5-B6B3-4634BECC05B9}.Debug|Any CPU.Build.0 = Debug|Any CPU
		{27A0D52F-03C0-4BF5-B6B3-4634BECC05B9}.Release|Any CPU.ActiveCfg = Release|Any CPU
		{27A0D52F-03C0-4BF5-B6B3-4634BECC05B9}.Release|Any CPU.Build.0 = Release|Any CPU
	EndGlobalSection
	GlobalSection(SolutionProperties) = preSolution
		HideSolutionNode = FALSE
	EndGlobalSection
EndGlobal
